// !$*UTF8*$!
{
	archiveVersion = 1;
	classes = {
	};
	objectVersion = 46;
	objects = {

/* Begin PBXBuildFile section */
		5000E17B15334FE900100FB1 /* Chat-Bubble.png in Resources */ = {isa = PBXBuildFile; fileRef = 5000E17315334FE900100FB1 /* Chat-Bubble.png */; };
		5000E17C15334FE900100FB1 /* Chat-Bubble@2x.png in Resources */ = {isa = PBXBuildFile; fileRef = 5000E17415334FE900100FB1 /* Chat-Bubble@2x.png */; };
		5000E17F15334FE900100FB1 /* Questionmark.png in Resources */ = {isa = PBXBuildFile; fileRef = 5000E17715334FE900100FB1 /* Questionmark.png */; };
		5000E18015334FE900100FB1 /* Questionmark@2x.png in Resources */ = {isa = PBXBuildFile; fileRef = 5000E17815334FE900100FB1 /* Questionmark@2x.png */; };
		5000E18115334FE900100FB1 /* Twitter.png in Resources */ = {isa = PBXBuildFile; fileRef = 5000E17915334FE900100FB1 /* Twitter.png */; };
		5000E18215334FE900100FB1 /* Twitter@2x.png in Resources */ = {isa = PBXBuildFile; fileRef = 5000E17A15334FE900100FB1 /* Twitter@2x.png */; };
		5000E1841533503C00100FB1 /* 71-compass.png in Resources */ = {isa = PBXBuildFile; fileRef = 5000E1831533503C00100FB1 /* 71-compass.png */; };
		5000E1861533520B00100FB1 /* 71-compass@2x.png in Resources */ = {isa = PBXBuildFile; fileRef = 5000E1851533520B00100FB1 /* 71-compass@2x.png */; };
		5000E189153352D700100FB1 /* 245-paperairplane.png in Resources */ = {isa = PBXBuildFile; fileRef = 5000E187153352D700100FB1 /* 245-paperairplane.png */; };
		5000E18A153352D700100FB1 /* 245-paperairplane@2x.png in Resources */ = {isa = PBXBuildFile; fileRef = 5000E188153352D700100FB1 /* 245-paperairplane@2x.png */; };
		5000E18D1533531100100FB1 /* 298-circlex.png in Resources */ = {isa = PBXBuildFile; fileRef = 5000E18B1533531100100FB1 /* 298-circlex.png */; };
		5000E18E1533531100100FB1 /* 298-circlex@2x.png in Resources */ = {isa = PBXBuildFile; fileRef = 5000E18C1533531100100FB1 /* 298-circlex@2x.png */; };
		5000E1941533559100100FB1 /* Clipboard.png in Resources */ = {isa = PBXBuildFile; fileRef = 5000E1921533559100100FB1 /* Clipboard.png */; };
		5000E1951533559100100FB1 /* Clipboard@2x.png in Resources */ = {isa = PBXBuildFile; fileRef = 5000E1931533559100100FB1 /* Clipboard@2x.png */; };
		5000E1981533661200100FB1 /* TTActionSheetButton.m in Sources */ = {isa = PBXBuildFile; fileRef = 5000E1971533661200100FB1 /* TTActionSheetButton.m */; };
		5016BA8E151E05EB00AAA198 /* README.txt in Resources */ = {isa = PBXBuildFile; fileRef = 5016BA8A151E05EB00AAA198 /* README.txt */; };
		5016BA8F151E05EB00AAA198 /* release_notes.txt in Resources */ = {isa = PBXBuildFile; fileRef = 5016BA8B151E05EB00AAA198 /* release_notes.txt */; };
		5016BA92151E063200AAA198 /* libz.dylib in Frameworks */ = {isa = PBXBuildFile; fileRef = 5016BA91151E063200AAA198 /* libz.dylib */; };
		5030B477152DFFEC002EAE15 /* MWSlidingViewController.m in Sources */ = {isa = PBXBuildFile; fileRef = 5030B476152DFFEC002EAE15 /* MWSlidingViewController.m */; };
		5030B4CD15307A32002EAE15 /* NSString+SHA1.m in Sources */ = {isa = PBXBuildFile; fileRef = 5030B4CC15307A32002EAE15 /* NSString+SHA1.m */; };
		50317196153F25C500570E33 /* TTWindow.m in Sources */ = {isa = PBXBuildFile; fileRef = 50317195153F25C500570E33 /* TTWindow.m */; };
		503288501520A41A000CC58D /* Twitter.framework in Frameworks */ = {isa = PBXBuildFile; fileRef = 5032884F1520A41A000CC58D /* Twitter.framework */; };
		503288531520B1C2000CC58D /* MessageUI.framework in Frameworks */ = {isa = PBXBuildFile; fileRef = 503288521520B1C2000CC58D /* MessageUI.framework */; };
		503288561520B745000CC58D /* NSURL+TabulaTabs.m in Sources */ = {isa = PBXBuildFile; fileRef = 503288551520B745000CC58D /* NSURL+TabulaTabs.m */; };
		503893DF150BF10800CF22B6 /* TTBrowserRepresentation.m in Sources */ = {isa = PBXBuildFile; fileRef = 503893DE150BF10800CF22B6 /* TTBrowserRepresentation.m */; };
		504167DA150AB323007A3431 /* SSKeychain.m in Sources */ = {isa = PBXBuildFile; fileRef = 504167D8150AB2B9007A3431 /* SSKeychain.m */; };
		504A984B152C81D800AEF75D /* AppIcon.png in Resources */ = {isa = PBXBuildFile; fileRef = 504A984A152C81D800AEF75D /* AppIcon.png */; };
		504A984E152C81DE00AEF75D /* AppIcon@2x.png in Resources */ = {isa = PBXBuildFile; fileRef = 504A984D152C81DE00AEF75D /* AppIcon@2x.png */; };
		504F71F21527642D008B4F7A /* BrowserBackToList.png in Resources */ = {isa = PBXBuildFile; fileRef = 504F71E21527642D008B4F7A /* BrowserBackToList.png */; };
		504F71F31527642D008B4F7A /* BrowserBackToList@2x.png in Resources */ = {isa = PBXBuildFile; fileRef = 504F71E31527642D008B4F7A /* BrowserBackToList@2x.png */; };
		504F71F61527642D008B4F7A /* BrowserHistoryBack.png in Resources */ = {isa = PBXBuildFile; fileRef = 504F71E61527642D008B4F7A /* BrowserHistoryBack.png */; };
		504F71F71527642D008B4F7A /* BrowserHistoryBack@2x.png in Resources */ = {isa = PBXBuildFile; fileRef = 504F71E71527642D008B4F7A /* BrowserHistoryBack@2x.png */; };
		504F71F81527642D008B4F7A /* BrowserHistoryFwd.png in Resources */ = {isa = PBXBuildFile; fileRef = 504F71E81527642D008B4F7A /* BrowserHistoryFwd.png */; };
		504F71F91527642D008B4F7A /* BrowserHistoryFwd@2x.png in Resources */ = {isa = PBXBuildFile; fileRef = 504F71E91527642D008B4F7A /* BrowserHistoryFwd@2x.png */; };
		504F71FA1527642D008B4F7A /* BrowserReload.png in Resources */ = {isa = PBXBuildFile; fileRef = 504F71EA1527642D008B4F7A /* BrowserReload.png */; };
		504F71FB1527642D008B4F7A /* BrowserReload@2x.png in Resources */ = {isa = PBXBuildFile; fileRef = 504F71EB1527642D008B4F7A /* BrowserReload@2x.png */; };
		504F71FC1527642D008B4F7A /* BrowserReloadShadow.png in Resources */ = {isa = PBXBuildFile; fileRef = 504F71EC1527642D008B4F7A /* BrowserReloadShadow.png */; };
		504F71FD1527642D008B4F7A /* BrowserReloadShadow@2x.png in Resources */ = {isa = PBXBuildFile; fileRef = 504F71ED1527642D008B4F7A /* BrowserReloadShadow@2x.png */; };
		504F71FE1527642D008B4F7A /* BrowserShare.png in Resources */ = {isa = PBXBuildFile; fileRef = 504F71EE1527642D008B4F7A /* BrowserShare.png */; };
		504F71FF1527642D008B4F7A /* BrowserShare@2x.png in Resources */ = {isa = PBXBuildFile; fileRef = 504F71EF1527642D008B4F7A /* BrowserShare@2x.png */; };
		504F72001527642D008B4F7A /* BrowserToolbar.png in Resources */ = {isa = PBXBuildFile; fileRef = 504F71F01527642D008B4F7A /* BrowserToolbar.png */; };
		504F72011527642D008B4F7A /* BrowserToolbar@2x.png in Resources */ = {isa = PBXBuildFile; fileRef = 504F71F11527642D008B4F7A /* BrowserToolbar@2x.png */; };
		504F72041527646B008B4F7A /* BrowserBackToListShadow.png in Resources */ = {isa = PBXBuildFile; fileRef = 504F72021527646B008B4F7A /* BrowserBackToListShadow.png */; };
		504F72051527646B008B4F7A /* BrowserBackToListShadow@2x.png in Resources */ = {isa = PBXBuildFile; fileRef = 504F72031527646B008B4F7A /* BrowserBackToListShadow@2x.png */; };
		504F724C152789BC008B4F7A /* TTFlippingButton.m in Sources */ = {isa = PBXBuildFile; fileRef = 504F724B152789BC008B4F7A /* TTFlippingButton.m */; };
		50623EF515249A160018BBD8 /* ECSlidingViewController.m in Sources */ = {isa = PBXBuildFile; fileRef = 50623EF215249A160018BBD8 /* ECSlidingViewController.m */; };
		50623EF615249A160018BBD8 /* UIImage+ImageWithUIView.m in Sources */ = {isa = PBXBuildFile; fileRef = 50623EF415249A160018BBD8 /* UIImage+ImageWithUIView.m */; };
		50672D701533477700536821 /* TTWebViewActionViewController.m in Sources */ = {isa = PBXBuildFile; fileRef = 50672D6F1533477700536821 /* TTWebViewActionViewController.m */; };
		5067AE161522126E00CF6BFA /* TTAddBrowserFlowViewController.m in Sources */ = {isa = PBXBuildFile; fileRef = 5067AE151522126E00CF6BFA /* TTAddBrowserFlowViewController.m */; };
		5067AE1A15221B2800CF6BFA /* TTSettingsNavController.m in Sources */ = {isa = PBXBuildFile; fileRef = 5067AE1915221B2800CF6BFA /* TTSettingsNavController.m */; };
		5069084E14EAB50200D39759 /* TTTab.m in Sources */ = {isa = PBXBuildFile; fileRef = 5069084D14EAB50200D39759 /* TTTab.m */; };
		5069085214EAEAA300D39759 /* TTClient.m in Sources */ = {isa = PBXBuildFile; fileRef = 5069085114EAEAA300D39759 /* TTClient.m */; };
		5069085514EAEB6D00D39759 /* TTRestfulEncryptedClient.m in Sources */ = {isa = PBXBuildFile; fileRef = 5069085414EAEB6D00D39759 /* TTRestfulEncryptedClient.m */; };
		507C1F0414E8671F003085ED /* Security.framework in Frameworks */ = {isa = PBXBuildFile; fileRef = 507C1F0314E8671F003085ED /* Security.framework */; };
		5090704E1528B928006D9DE4 /* TabListNavbar.png in Resources */ = {isa = PBXBuildFile; fileRef = 5090704C1528B928006D9DE4 /* TabListNavbar.png */; };
		5090704F1528B928006D9DE4 /* TabListNavbar@2x.png in Resources */ = {isa = PBXBuildFile; fileRef = 5090704D1528B928006D9DE4 /* TabListNavbar@2x.png */; };
		509070521528B969006D9DE4 /* TabListSettingsButton.png in Resources */ = {isa = PBXBuildFile; fileRef = 509070501528B969006D9DE4 /* TabListSettingsButton.png */; };
		509070531528B969006D9DE4 /* TabListSettingsButton@2x.png in Resources */ = {isa = PBXBuildFile; fileRef = 509070511528B969006D9DE4 /* TabListSettingsButton@2x.png */; };
		509070561528BAF8006D9DE4 /* TabListBackground.png in Resources */ = {isa = PBXBuildFile; fileRef = 509070541528BAF8006D9DE4 /* TabListBackground.png */; };
		509070571528BAF8006D9DE4 /* TabListBackground@2x.png in Resources */ = {isa = PBXBuildFile; fileRef = 509070551528BAF8006D9DE4 /* TabListBackground@2x.png */; };
		5090705A1528C326006D9DE4 /* TabListStitches.png in Resources */ = {isa = PBXBuildFile; fileRef = 509070581528C326006D9DE4 /* TabListStitches.png */; };
		5090705B1528C326006D9DE4 /* TabListStitches@2x.png in Resources */ = {isa = PBXBuildFile; fileRef = 509070591528C326006D9DE4 /* TabListStitches@2x.png */; };
		5092F6A2151E9E0300E2EC52 /* TTSpinningReloadButton.m in Sources */ = {isa = PBXBuildFile; fileRef = 5092F6A1151E9E0300E2EC52 /* TTSpinningReloadButton.m */; };
		5092F6A3151E9E2200E2EC52 /* TTSpinningReloadButton.m in Sources */ = {isa = PBXBuildFile; fileRef = 5092F6A1151E9E0300E2EC52 /* TTSpinningReloadButton.m */; };
		509EB49D1523387F009F7A2B /* UIColor+TabulaTabs.m in Sources */ = {isa = PBXBuildFile; fileRef = 509EB49C1523387F009F7A2B /* UIColor+TabulaTabs.m */; };
		50A833BC1521FB3F007F97A8 /* TTBrowserController.m in Sources */ = {isa = PBXBuildFile; fileRef = 50A833BB1521FB3F007F97A8 /* TTBrowserController.m */; };
		50AB685814FAAE100040D328 /* arrow.png in Resources */ = {isa = PBXBuildFile; fileRef = 50AB685614FAAE100040D328 /* arrow.png */; };
		50AB685914FAAE100040D328 /* README.markdown in Resources */ = {isa = PBXBuildFile; fileRef = 50AB685714FAAE100040D328 /* README.markdown */; };
		50AB685A14FAAE740040D328 /* PullRefreshTableViewController.m in Sources */ = {isa = PBXBuildFile; fileRef = 50AB685414FAADFE0040D328 /* PullRefreshTableViewController.m */; };
		50AB685B14FAAE7D0040D328 /* arrow.png in Resources */ = {isa = PBXBuildFile; fileRef = 50AB685614FAAE100040D328 /* arrow.png */; };
		50AE694F14E8606C00788808 /* UIKit.framework in Frameworks */ = {isa = PBXBuildFile; fileRef = 50AE694E14E8606C00788808 /* UIKit.framework */; };
		50AE695114E8606C00788808 /* Foundation.framework in Frameworks */ = {isa = PBXBuildFile; fileRef = 50AE695014E8606C00788808 /* Foundation.framework */; };
		50AE695314E8606C00788808 /* CoreGraphics.framework in Frameworks */ = {isa = PBXBuildFile; fileRef = 50AE695214E8606C00788808 /* CoreGraphics.framework */; };
		50AE695914E8606C00788808 /* InfoPlist.strings in Resources */ = {isa = PBXBuildFile; fileRef = 50AE695714E8606C00788808 /* InfoPlist.strings */; };
		50AE695B14E8606C00788808 /* main.m in Sources */ = {isa = PBXBuildFile; fileRef = 50AE695A14E8606C00788808 /* main.m */; };
		50AE695F14E8606C00788808 /* TTAppDelegate.m in Sources */ = {isa = PBXBuildFile; fileRef = 50AE695E14E8606C00788808 /* TTAppDelegate.m */; };
		50AE696714E8606C00788808 /* SenTestingKit.framework in Frameworks */ = {isa = PBXBuildFile; fileRef = 50AE696614E8606C00788808 /* SenTestingKit.framework */; };
		50AE696814E8606C00788808 /* UIKit.framework in Frameworks */ = {isa = PBXBuildFile; fileRef = 50AE694E14E8606C00788808 /* UIKit.framework */; };
		50AE696914E8606C00788808 /* Foundation.framework in Frameworks */ = {isa = PBXBuildFile; fileRef = 50AE695014E8606C00788808 /* Foundation.framework */; };
		50AE697114E8606C00788808 /* InfoPlist.strings in Resources */ = {isa = PBXBuildFile; fileRef = 50AE696F14E8606C00788808 /* InfoPlist.strings */; };
		50AE697414E8606C00788808 /* TabulaTabsTests.m in Sources */ = {isa = PBXBuildFile; fileRef = 50AE697314E8606C00788808 /* TabulaTabsTests.m */; };
		50AE699114E860C700788808 /* TTBrowser.m in Sources */ = {isa = PBXBuildFile; fileRef = 50AE698C14E860C700788808 /* TTBrowser.m */; };
		50AE699214E860C700788808 /* TTEncryption.m in Sources */ = {isa = PBXBuildFile; fileRef = 50AE698E14E860C700788808 /* TTEncryption.m */; };
		50AE699314E860C700788808 /* TTRestfulClient.m in Sources */ = {isa = PBXBuildFile; fileRef = 50AE699014E860C700788808 /* TTRestfulClient.m */; };
		50AE699B14E860DD00788808 /* NSData-AES.m in Sources */ = {isa = PBXBuildFile; fileRef = 50AE699614E860DD00788808 /* NSData-AES.m */; };
		50AE699C14E860DD00788808 /* NSData-hex.m in Sources */ = {isa = PBXBuildFile; fileRef = 50AE699814E860DD00788808 /* NSData-hex.m */; };
		50AE699D14E860DD00788808 /* NSData+Base64.m in Sources */ = {isa = PBXBuildFile; fileRef = 50AE699A14E860DD00788808 /* NSData+Base64.m */; };
		50C129E2150D378900A3E3DA /* TTDevelopmentHelpers.m in Sources */ = {isa = PBXBuildFile; fileRef = 50C129E1150D378900A3E3DA /* TTDevelopmentHelpers.m */; };
		50C129EB150D4F6900A3E3DA /* MTStatusBarOverlay.m in Sources */ = {isa = PBXBuildFile; fileRef = 50C129E9150D4F1300A3E3DA /* MTStatusBarOverlay.m */; };
		50C12A3D150EA0AA00A3E3DA /* TTTabTableViewCell.m in Sources */ = {isa = PBXBuildFile; fileRef = 50C12A3C150EA0AA00A3E3DA /* TTTabTableViewCell.m */; };
		50C12A40150EA4B100A3E3DA /* MWHTTPImageCache.m in Sources */ = {isa = PBXBuildFile; fileRef = 50C12A3F150EA4B100A3E3DA /* MWHTTPImageCache.m */; };
		50C12A5D150EACB500A3E3DA /* UIImage+Resize.m in Sources */ = {isa = PBXBuildFile; fileRef = 50C12A5C150EACB500A3E3DA /* UIImage+Resize.m */; };
		50DB39DE151DEB7300CF421A /* TTWebViewController.m in Sources */ = {isa = PBXBuildFile; fileRef = 50DB39DD151DEB7300CF421A /* TTWebViewController.m */; };
		50ECD792154A9B6F00CCC302 /* TableBottomShadow.png in Resources */ = {isa = PBXBuildFile; fileRef = 50ECD790154A9B6F00CCC302 /* TableBottomShadow.png */; };
		50ECD793154A9B6F00CCC302 /* TableBottomShadow@2x.png in Resources */ = {isa = PBXBuildFile; fileRef = 50ECD791154A9B6F00CCC302 /* TableBottomShadow@2x.png */; };
		50F3579C1521BE0700F2780F /* registrationGuide.html in Resources */ = {isa = PBXBuildFile; fileRef = 50F3579B1521BE0700F2780F /* registrationGuide.html */; };
		50F357C21521CBD500F2780F /* UIImage+ColorOverlay.m in Sources */ = {isa = PBXBuildFile; fileRef = 50F357C11521CBD500F2780F /* UIImage+ColorOverlay.m */; };
		50F357C71521CD6900F2780F /* TTSettingsViewController.m in Sources */ = {isa = PBXBuildFile; fileRef = 50F357C61521CD6900F2780F /* TTSettingsViewController.m */; };
		50F363A014E925ED00AB104C /* AsyncTests.m in Sources */ = {isa = PBXBuildFile; fileRef = 50F3639F14E925ED00AB104C /* AsyncTests.m */; };
		50F363AC14E9496600AB104C /* MWURLConnection.m in Sources */ = {isa = PBXBuildFile; fileRef = 50F363AB14E9496600AB104C /* MWURLConnection.m */; };
		50FE0A9114EB154100823CE6 /* libzbar.a in Frameworks */ = {isa = PBXBuildFile; fileRef = 50FE0A8B14EB154100823CE6 /* libzbar.a */; };
		50FE0A9214EB154100823CE6 /* zbar-back.png in Resources */ = {isa = PBXBuildFile; fileRef = 50FE0A8D14EB154100823CE6 /* zbar-back.png */; };
		50FE0A9314EB154100823CE6 /* zbar-help.html in Resources */ = {isa = PBXBuildFile; fileRef = 50FE0A8E14EB154100823CE6 /* zbar-help.html */; };
		50FE0A9414EB154100823CE6 /* zbar-helpicons.png in Resources */ = {isa = PBXBuildFile; fileRef = 50FE0A8F14EB154100823CE6 /* zbar-helpicons.png */; };
		50FE0A9514EB154100823CE6 /* zbar-samples.png in Resources */ = {isa = PBXBuildFile; fileRef = 50FE0A9014EB154100823CE6 /* zbar-samples.png */; };
		50FE0A9F14EB27DF00823CE6 /* TTTabListViewController.m in Sources */ = {isa = PBXBuildFile; fileRef = 50FE0A9E14EB27DF00823CE6 /* TTTabListViewController.m */; };
		50FE0AA214EB289400823CE6 /* TTWelcomeViewController.m in Sources */ = {isa = PBXBuildFile; fileRef = 50FE0AA114EB289400823CE6 /* TTWelcomeViewController.m */; };
		50FE0ABE14EB2F5E00823CE6 /* TTScanQRViewController.m in Sources */ = {isa = PBXBuildFile; fileRef = 50FE0ABD14EB2F5E00823CE6 /* TTScanQRViewController.m */; };
		50FE0AC014EB315000823CE6 /* AVFoundation.framework in Frameworks */ = {isa = PBXBuildFile; fileRef = 50FE0ABF14EB315000823CE6 /* AVFoundation.framework */; };
		50FE0AC214EB315600823CE6 /* CoreMedia.framework in Frameworks */ = {isa = PBXBuildFile; fileRef = 50FE0AC114EB315600823CE6 /* CoreMedia.framework */; };
		50FE0AC414EB315F00823CE6 /* CoreVideo.framework in Frameworks */ = {isa = PBXBuildFile; fileRef = 50FE0AC314EB315F00823CE6 /* CoreVideo.framework */; };
		50FE0AC614EB316400823CE6 /* QuartzCore.framework in Frameworks */ = {isa = PBXBuildFile; fileRef = 50FE0AC514EB316400823CE6 /* QuartzCore.framework */; };
		50FE0AC814EB316E00823CE6 /* libiconv.dylib in Frameworks */ = {isa = PBXBuildFile; fileRef = 50FE0AC714EB316E00823CE6 /* libiconv.dylib */; };
		50FE0AC914EB321600823CE6 /* CoreGraphics.framework in Frameworks */ = {isa = PBXBuildFile; fileRef = 50AE695214E8606C00788808 /* CoreGraphics.framework */; };
		50FE0ACA14EB327300823CE6 /* AVFoundation.framework in Frameworks */ = {isa = PBXBuildFile; fileRef = 50FE0ABF14EB315000823CE6 /* AVFoundation.framework */; };
		50FE0ACB14EB327900823CE6 /* CoreMedia.framework in Frameworks */ = {isa = PBXBuildFile; fileRef = 50FE0AC114EB315600823CE6 /* CoreMedia.framework */; };
		50FE0ACC14EB328200823CE6 /* CoreVideo.framework in Frameworks */ = {isa = PBXBuildFile; fileRef = 50FE0AC314EB315F00823CE6 /* CoreVideo.framework */; };
		50FE0ACD14EB328C00823CE6 /* QuartzCore.framework in Frameworks */ = {isa = PBXBuildFile; fileRef = 50FE0AC514EB316400823CE6 /* QuartzCore.framework */; };
		50FE0ACE14EB329200823CE6 /* libiconv.dylib in Frameworks */ = {isa = PBXBuildFile; fileRef = 50FE0AC714EB316E00823CE6 /* libiconv.dylib */; };
/* End PBXBuildFile section */

/* Begin PBXContainerItemProxy section */
		50AE696A14E8606C00788808 /* PBXContainerItemProxy */ = {
			isa = PBXContainerItemProxy;
			containerPortal = 50AE694114E8606C00788808 /* Project object */;
			proxyType = 1;
			remoteGlobalIDString = 50AE694914E8606C00788808;
			remoteInfo = TabulaTabs;
		};
/* End PBXContainerItemProxy section */

/* Begin PBXFileReference section */
		5000E17315334FE900100FB1 /* Chat-Bubble.png */ = {isa = PBXFileReference; lastKnownFileType = image.png; path = "Chat-Bubble.png"; sourceTree = "<group>"; };
		5000E17415334FE900100FB1 /* Chat-Bubble@2x.png */ = {isa = PBXFileReference; lastKnownFileType = image.png; path = "Chat-Bubble@2x.png"; sourceTree = "<group>"; };
		5000E17715334FE900100FB1 /* Questionmark.png */ = {isa = PBXFileReference; lastKnownFileType = image.png; path = Questionmark.png; sourceTree = "<group>"; };
		5000E17815334FE900100FB1 /* Questionmark@2x.png */ = {isa = PBXFileReference; lastKnownFileType = image.png; path = "Questionmark@2x.png"; sourceTree = "<group>"; };
		5000E17915334FE900100FB1 /* Twitter.png */ = {isa = PBXFileReference; lastKnownFileType = image.png; path = Twitter.png; sourceTree = "<group>"; };
		5000E17A15334FE900100FB1 /* Twitter@2x.png */ = {isa = PBXFileReference; lastKnownFileType = image.png; path = "Twitter@2x.png"; sourceTree = "<group>"; };
		5000E1831533503C00100FB1 /* 71-compass.png */ = {isa = PBXFileReference; lastKnownFileType = image.png; path = "71-compass.png"; sourceTree = "<group>"; };
		5000E1851533520B00100FB1 /* 71-compass@2x.png */ = {isa = PBXFileReference; lastKnownFileType = image.png; path = "71-compass@2x.png"; sourceTree = "<group>"; };
		5000E187153352D700100FB1 /* 245-paperairplane.png */ = {isa = PBXFileReference; lastKnownFileType = image.png; path = "245-paperairplane.png"; sourceTree = "<group>"; };
		5000E188153352D700100FB1 /* 245-paperairplane@2x.png */ = {isa = PBXFileReference; lastKnownFileType = image.png; path = "245-paperairplane@2x.png"; sourceTree = "<group>"; };
		5000E18B1533531100100FB1 /* 298-circlex.png */ = {isa = PBXFileReference; lastKnownFileType = image.png; path = "298-circlex.png"; sourceTree = "<group>"; };
		5000E18C1533531100100FB1 /* 298-circlex@2x.png */ = {isa = PBXFileReference; lastKnownFileType = image.png; path = "298-circlex@2x.png"; sourceTree = "<group>"; };
		5000E1921533559100100FB1 /* Clipboard.png */ = {isa = PBXFileReference; lastKnownFileType = image.png; path = Clipboard.png; sourceTree = "<group>"; };
		5000E1931533559100100FB1 /* Clipboard@2x.png */ = {isa = PBXFileReference; lastKnownFileType = image.png; path = "Clipboard@2x.png"; sourceTree = "<group>"; };
		5000E1961533661200100FB1 /* TTActionSheetButton.h */ = {isa = PBXFileReference; fileEncoding = 4; lastKnownFileType = sourcecode.c.h; path = TTActionSheetButton.h; sourceTree = "<group>"; };
		5000E1971533661200100FB1 /* TTActionSheetButton.m */ = {isa = PBXFileReference; fileEncoding = 4; lastKnownFileType = sourcecode.c.objc; path = TTActionSheetButton.m; sourceTree = "<group>"; };
		5016BA89151E05EB00AAA198 /* libTestFlight.a */ = {isa = PBXFileReference; lastKnownFileType = archive.ar; path = libTestFlight.a; sourceTree = "<group>"; };
		5016BA8A151E05EB00AAA198 /* README.txt */ = {isa = PBXFileReference; fileEncoding = 4; lastKnownFileType = text; path = README.txt; sourceTree = "<group>"; };
		5016BA8B151E05EB00AAA198 /* release_notes.txt */ = {isa = PBXFileReference; fileEncoding = 4; lastKnownFileType = text; path = release_notes.txt; sourceTree = "<group>"; };
		5016BA8C151E05EB00AAA198 /* TestFlight.h */ = {isa = PBXFileReference; fileEncoding = 4; lastKnownFileType = sourcecode.c.h; path = TestFlight.h; sourceTree = "<group>"; };
		5016BA91151E063200AAA198 /* libz.dylib */ = {isa = PBXFileReference; lastKnownFileType = "compiled.mach-o.dylib"; name = libz.dylib; path = usr/lib/libz.dylib; sourceTree = SDKROOT; };
		5030B475152DFFEC002EAE15 /* MWSlidingViewController.h */ = {isa = PBXFileReference; fileEncoding = 4; lastKnownFileType = sourcecode.c.h; path = MWSlidingViewController.h; sourceTree = "<group>"; };
		5030B476152DFFEC002EAE15 /* MWSlidingViewController.m */ = {isa = PBXFileReference; fileEncoding = 4; lastKnownFileType = sourcecode.c.objc; path = MWSlidingViewController.m; sourceTree = "<group>"; };
		5030B4CB15307A32002EAE15 /* NSString+SHA1.h */ = {isa = PBXFileReference; fileEncoding = 4; lastKnownFileType = sourcecode.c.h; path = "NSString+SHA1.h"; sourceTree = "<group>"; };
		5030B4CC15307A32002EAE15 /* NSString+SHA1.m */ = {isa = PBXFileReference; fileEncoding = 4; lastKnownFileType = sourcecode.c.objc; path = "NSString+SHA1.m"; sourceTree = "<group>"; };
		50317194153F25C500570E33 /* TTWindow.h */ = {isa = PBXFileReference; fileEncoding = 4; lastKnownFileType = sourcecode.c.h; path = TTWindow.h; sourceTree = "<group>"; };
		50317195153F25C500570E33 /* TTWindow.m */ = {isa = PBXFileReference; fileEncoding = 4; lastKnownFileType = sourcecode.c.objc; path = TTWindow.m; sourceTree = "<group>"; };
		5032884F1520A41A000CC58D /* Twitter.framework */ = {isa = PBXFileReference; lastKnownFileType = wrapper.framework; name = Twitter.framework; path = System/Library/Frameworks/Twitter.framework; sourceTree = SDKROOT; };
		503288521520B1C2000CC58D /* MessageUI.framework */ = {isa = PBXFileReference; lastKnownFileType = wrapper.framework; name = MessageUI.framework; path = System/Library/Frameworks/MessageUI.framework; sourceTree = SDKROOT; };
		503288541520B745000CC58D /* NSURL+TabulaTabs.h */ = {isa = PBXFileReference; fileEncoding = 4; lastKnownFileType = sourcecode.c.h; path = "NSURL+TabulaTabs.h"; sourceTree = "<group>"; };
		503288551520B745000CC58D /* NSURL+TabulaTabs.m */ = {isa = PBXFileReference; fileEncoding = 4; lastKnownFileType = sourcecode.c.objc; path = "NSURL+TabulaTabs.m"; sourceTree = "<group>"; };
		503893DD150BF10800CF22B6 /* TTBrowserRepresentation.h */ = {isa = PBXFileReference; fileEncoding = 4; lastKnownFileType = sourcecode.c.h; path = TTBrowserRepresentation.h; sourceTree = "<group>"; };
		503893DE150BF10800CF22B6 /* TTBrowserRepresentation.m */ = {isa = PBXFileReference; fileEncoding = 4; lastKnownFileType = sourcecode.c.objc; path = TTBrowserRepresentation.m; sourceTree = "<group>"; };
		504167D7150AB2B9007A3431 /* SSKeychain.h */ = {isa = PBXFileReference; fileEncoding = 4; lastKnownFileType = sourcecode.c.h; path = SSKeychain.h; sourceTree = "<group>"; };
		504167D8150AB2B9007A3431 /* SSKeychain.m */ = {isa = PBXFileReference; fileEncoding = 4; lastKnownFileType = sourcecode.c.objc; path = SSKeychain.m; sourceTree = "<group>"; };
		504A984A152C81D800AEF75D /* AppIcon.png */ = {isa = PBXFileReference; lastKnownFileType = image.png; name = AppIcon.png; path = ../AppIcon.png; sourceTree = "<group>"; };
		504A984D152C81DE00AEF75D /* AppIcon@2x.png */ = {isa = PBXFileReference; lastKnownFileType = image.png; name = "AppIcon@2x.png"; path = "../AppIcon@2x.png"; sourceTree = "<group>"; };
		504F71E21527642D008B4F7A /* BrowserBackToList.png */ = {isa = PBXFileReference; lastKnownFileType = image.png; path = BrowserBackToList.png; sourceTree = "<group>"; };
		504F71E31527642D008B4F7A /* BrowserBackToList@2x.png */ = {isa = PBXFileReference; lastKnownFileType = image.png; path = "BrowserBackToList@2x.png"; sourceTree = "<group>"; };
		504F71E61527642D008B4F7A /* BrowserHistoryBack.png */ = {isa = PBXFileReference; lastKnownFileType = image.png; path = BrowserHistoryBack.png; sourceTree = "<group>"; };
		504F71E71527642D008B4F7A /* BrowserHistoryBack@2x.png */ = {isa = PBXFileReference; lastKnownFileType = image.png; path = "BrowserHistoryBack@2x.png"; sourceTree = "<group>"; };
		504F71E81527642D008B4F7A /* BrowserHistoryFwd.png */ = {isa = PBXFileReference; lastKnownFileType = image.png; path = BrowserHistoryFwd.png; sourceTree = "<group>"; };
		504F71E91527642D008B4F7A /* BrowserHistoryFwd@2x.png */ = {isa = PBXFileReference; lastKnownFileType = image.png; path = "BrowserHistoryFwd@2x.png"; sourceTree = "<group>"; };
		504F71EA1527642D008B4F7A /* BrowserReload.png */ = {isa = PBXFileReference; lastKnownFileType = image.png; path = BrowserReload.png; sourceTree = "<group>"; };
		504F71EB1527642D008B4F7A /* BrowserReload@2x.png */ = {isa = PBXFileReference; lastKnownFileType = image.png; path = "BrowserReload@2x.png"; sourceTree = "<group>"; };
		504F71EC1527642D008B4F7A /* BrowserReloadShadow.png */ = {isa = PBXFileReference; lastKnownFileType = image.png; path = BrowserReloadShadow.png; sourceTree = "<group>"; };
		504F71ED1527642D008B4F7A /* BrowserReloadShadow@2x.png */ = {isa = PBXFileReference; lastKnownFileType = image.png; path = "BrowserReloadShadow@2x.png"; sourceTree = "<group>"; };
		504F71EE1527642D008B4F7A /* BrowserShare.png */ = {isa = PBXFileReference; lastKnownFileType = image.png; path = BrowserShare.png; sourceTree = "<group>"; };
		504F71EF1527642D008B4F7A /* BrowserShare@2x.png */ = {isa = PBXFileReference; lastKnownFileType = image.png; path = "BrowserShare@2x.png"; sourceTree = "<group>"; };
		504F71F01527642D008B4F7A /* BrowserToolbar.png */ = {isa = PBXFileReference; lastKnownFileType = image.png; path = BrowserToolbar.png; sourceTree = "<group>"; };
		504F71F11527642D008B4F7A /* BrowserToolbar@2x.png */ = {isa = PBXFileReference; lastKnownFileType = image.png; path = "BrowserToolbar@2x.png"; sourceTree = "<group>"; };
		504F72021527646B008B4F7A /* BrowserBackToListShadow.png */ = {isa = PBXFileReference; lastKnownFileType = image.png; path = BrowserBackToListShadow.png; sourceTree = "<group>"; };
		504F72031527646B008B4F7A /* BrowserBackToListShadow@2x.png */ = {isa = PBXFileReference; lastKnownFileType = image.png; path = "BrowserBackToListShadow@2x.png"; sourceTree = "<group>"; };
		504F724A152789BC008B4F7A /* TTFlippingButton.h */ = {isa = PBXFileReference; fileEncoding = 4; lastKnownFileType = sourcecode.c.h; path = TTFlippingButton.h; sourceTree = "<group>"; };
		504F724B152789BC008B4F7A /* TTFlippingButton.m */ = {isa = PBXFileReference; fileEncoding = 4; lastKnownFileType = sourcecode.c.objc; path = TTFlippingButton.m; sourceTree = "<group>"; };
		50623EF115249A160018BBD8 /* ECSlidingViewController.h */ = {isa = PBXFileReference; fileEncoding = 4; lastKnownFileType = sourcecode.c.h; name = ECSlidingViewController.h; path = ECSlidingViewController/ECSlidingViewController/Vendor/ECSlidingViewController/ECSlidingViewController.h; sourceTree = "<group>"; };
		50623EF215249A160018BBD8 /* ECSlidingViewController.m */ = {isa = PBXFileReference; fileEncoding = 4; lastKnownFileType = sourcecode.c.objc; name = ECSlidingViewController.m; path = ECSlidingViewController/ECSlidingViewController/Vendor/ECSlidingViewController/ECSlidingViewController.m; sourceTree = "<group>"; };
		50623EF315249A160018BBD8 /* UIImage+ImageWithUIView.h */ = {isa = PBXFileReference; fileEncoding = 4; lastKnownFileType = sourcecode.c.h; name = "UIImage+ImageWithUIView.h"; path = "ECSlidingViewController/ECSlidingViewController/Vendor/ECSlidingViewController/UIImage+ImageWithUIView.h"; sourceTree = "<group>"; };
		50623EF415249A160018BBD8 /* UIImage+ImageWithUIView.m */ = {isa = PBXFileReference; fileEncoding = 4; lastKnownFileType = sourcecode.c.objc; name = "UIImage+ImageWithUIView.m"; path = "ECSlidingViewController/ECSlidingViewController/Vendor/ECSlidingViewController/UIImage+ImageWithUIView.m"; sourceTree = "<group>"; };
		50672D6E1533477700536821 /* TTWebViewActionViewController.h */ = {isa = PBXFileReference; fileEncoding = 4; lastKnownFileType = sourcecode.c.h; path = TTWebViewActionViewController.h; sourceTree = "<group>"; };
		50672D6F1533477700536821 /* TTWebViewActionViewController.m */ = {isa = PBXFileReference; fileEncoding = 4; lastKnownFileType = sourcecode.c.objc; path = TTWebViewActionViewController.m; sourceTree = "<group>"; };
		5067AE141522126E00CF6BFA /* TTAddBrowserFlowViewController.h */ = {isa = PBXFileReference; fileEncoding = 4; lastKnownFileType = sourcecode.c.h; path = TTAddBrowserFlowViewController.h; sourceTree = "<group>"; };
		5067AE151522126E00CF6BFA /* TTAddBrowserFlowViewController.m */ = {isa = PBXFileReference; fileEncoding = 4; lastKnownFileType = sourcecode.c.objc; path = TTAddBrowserFlowViewController.m; sourceTree = "<group>"; };
		5067AE1815221B2800CF6BFA /* TTSettingsNavController.h */ = {isa = PBXFileReference; fileEncoding = 4; lastKnownFileType = sourcecode.c.h; path = TTSettingsNavController.h; sourceTree = "<group>"; };
		5067AE1915221B2800CF6BFA /* TTSettingsNavController.m */ = {isa = PBXFileReference; fileEncoding = 4; lastKnownFileType = sourcecode.c.objc; path = TTSettingsNavController.m; sourceTree = "<group>"; };
		5069084C14EAB50200D39759 /* TTTab.h */ = {isa = PBXFileReference; fileEncoding = 4; lastKnownFileType = sourcecode.c.h; path = TTTab.h; sourceTree = "<group>"; };
		5069084D14EAB50200D39759 /* TTTab.m */ = {isa = PBXFileReference; fileEncoding = 4; lastKnownFileType = sourcecode.c.objc; path = TTTab.m; sourceTree = "<group>"; };
		5069085014EAEAA300D39759 /* TTClient.h */ = {isa = PBXFileReference; fileEncoding = 4; lastKnownFileType = sourcecode.c.h; path = TTClient.h; sourceTree = "<group>"; };
		5069085114EAEAA300D39759 /* TTClient.m */ = {isa = PBXFileReference; fileEncoding = 4; lastKnownFileType = sourcecode.c.objc; path = TTClient.m; sourceTree = "<group>"; };
		5069085314EAEB6D00D39759 /* TTRestfulEncryptedClient.h */ = {isa = PBXFileReference; fileEncoding = 4; lastKnownFileType = sourcecode.c.h; path = TTRestfulEncryptedClient.h; sourceTree = "<group>"; };
		5069085414EAEB6D00D39759 /* TTRestfulEncryptedClient.m */ = {isa = PBXFileReference; fileEncoding = 4; lastKnownFileType = sourcecode.c.objc; path = TTRestfulEncryptedClient.m; sourceTree = "<group>"; };
		507C1F0314E8671F003085ED /* Security.framework */ = {isa = PBXFileReference; lastKnownFileType = wrapper.framework; name = Security.framework; path = System/Library/Frameworks/Security.framework; sourceTree = SDKROOT; };
		5090704C1528B928006D9DE4 /* TabListNavbar.png */ = {isa = PBXFileReference; lastKnownFileType = image.png; path = TabListNavbar.png; sourceTree = "<group>"; };
		5090704D1528B928006D9DE4 /* TabListNavbar@2x.png */ = {isa = PBXFileReference; lastKnownFileType = image.png; path = "TabListNavbar@2x.png"; sourceTree = "<group>"; };
		509070501528B969006D9DE4 /* TabListSettingsButton.png */ = {isa = PBXFileReference; lastKnownFileType = image.png; path = TabListSettingsButton.png; sourceTree = "<group>"; };
		509070511528B969006D9DE4 /* TabListSettingsButton@2x.png */ = {isa = PBXFileReference; lastKnownFileType = image.png; path = "TabListSettingsButton@2x.png"; sourceTree = "<group>"; };
		509070541528BAF8006D9DE4 /* TabListBackground.png */ = {isa = PBXFileReference; lastKnownFileType = image.png; path = TabListBackground.png; sourceTree = "<group>"; };
		509070551528BAF8006D9DE4 /* TabListBackground@2x.png */ = {isa = PBXFileReference; lastKnownFileType = image.png; path = "TabListBackground@2x.png"; sourceTree = "<group>"; };
		509070581528C326006D9DE4 /* TabListStitches.png */ = {isa = PBXFileReference; lastKnownFileType = image.png; path = TabListStitches.png; sourceTree = "<group>"; };
		509070591528C326006D9DE4 /* TabListStitches@2x.png */ = {isa = PBXFileReference; lastKnownFileType = image.png; path = "TabListStitches@2x.png"; sourceTree = "<group>"; };
		5092F6A0151E9E0300E2EC52 /* TTSpinningReloadButton.h */ = {isa = PBXFileReference; fileEncoding = 4; lastKnownFileType = sourcecode.c.h; path = TTSpinningReloadButton.h; sourceTree = "<group>"; };
		5092F6A1151E9E0300E2EC52 /* TTSpinningReloadButton.m */ = {isa = PBXFileReference; fileEncoding = 4; lastKnownFileType = sourcecode.c.objc; path = TTSpinningReloadButton.m; sourceTree = "<group>"; };
		509EB49B1523387F009F7A2B /* UIColor+TabulaTabs.h */ = {isa = PBXFileReference; fileEncoding = 4; lastKnownFileType = sourcecode.c.h; path = "UIColor+TabulaTabs.h"; sourceTree = "<group>"; };
		509EB49C1523387F009F7A2B /* UIColor+TabulaTabs.m */ = {isa = PBXFileReference; fileEncoding = 4; lastKnownFileType = sourcecode.c.objc; path = "UIColor+TabulaTabs.m"; sourceTree = "<group>"; };
		50A833BA1521FB3F007F97A8 /* TTBrowserController.h */ = {isa = PBXFileReference; fileEncoding = 4; lastKnownFileType = sourcecode.c.h; path = TTBrowserController.h; sourceTree = "<group>"; };
		50A833BB1521FB3F007F97A8 /* TTBrowserController.m */ = {isa = PBXFileReference; fileEncoding = 4; lastKnownFileType = sourcecode.c.objc; path = TTBrowserController.m; sourceTree = "<group>"; };
		50AB685314FAADFE0040D328 /* PullRefreshTableViewController.h */ = {isa = PBXFileReference; fileEncoding = 4; lastKnownFileType = sourcecode.c.h; path = PullRefreshTableViewController.h; sourceTree = "<group>"; };
		50AB685414FAADFE0040D328 /* PullRefreshTableViewController.m */ = {isa = PBXFileReference; fileEncoding = 4; lastKnownFileType = sourcecode.c.objc; path = PullRefreshTableViewController.m; sourceTree = "<group>"; };
		50AB685614FAAE100040D328 /* arrow.png */ = {isa = PBXFileReference; lastKnownFileType = image.png; path = arrow.png; sourceTree = "<group>"; };
		50AB685714FAAE100040D328 /* README.markdown */ = {isa = PBXFileReference; fileEncoding = 4; lastKnownFileType = text; path = README.markdown; sourceTree = "<group>"; };
		50AE694A14E8606C00788808 /* TabulaTabs δ.app */ = {isa = PBXFileReference; explicitFileType = wrapper.application; includeInIndex = 0; path = "TabulaTabs δ.app"; sourceTree = BUILT_PRODUCTS_DIR; };
		50AE694E14E8606C00788808 /* UIKit.framework */ = {isa = PBXFileReference; lastKnownFileType = wrapper.framework; name = UIKit.framework; path = System/Library/Frameworks/UIKit.framework; sourceTree = SDKROOT; };
		50AE695014E8606C00788808 /* Foundation.framework */ = {isa = PBXFileReference; lastKnownFileType = wrapper.framework; name = Foundation.framework; path = System/Library/Frameworks/Foundation.framework; sourceTree = SDKROOT; };
		50AE695214E8606C00788808 /* CoreGraphics.framework */ = {isa = PBXFileReference; lastKnownFileType = wrapper.framework; name = CoreGraphics.framework; path = System/Library/Frameworks/CoreGraphics.framework; sourceTree = SDKROOT; };
		50AE695614E8606C00788808 /* TabulaTabs-Info.plist */ = {isa = PBXFileReference; lastKnownFileType = text.plist.xml; path = "TabulaTabs-Info.plist"; sourceTree = "<group>"; };
		50AE695814E8606C00788808 /* en */ = {isa = PBXFileReference; lastKnownFileType = text.plist.strings; name = en; path = en.lproj/InfoPlist.strings; sourceTree = "<group>"; };
		50AE695A14E8606C00788808 /* main.m */ = {isa = PBXFileReference; lastKnownFileType = sourcecode.c.objc; path = main.m; sourceTree = "<group>"; };
		50AE695C14E8606C00788808 /* TabulaTabs-Prefix.pch */ = {isa = PBXFileReference; lastKnownFileType = sourcecode.c.h; path = "TabulaTabs-Prefix.pch"; sourceTree = "<group>"; };
		50AE695D14E8606C00788808 /* TTAppDelegate.h */ = {isa = PBXFileReference; lastKnownFileType = sourcecode.c.h; path = TTAppDelegate.h; sourceTree = "<group>"; };
		50AE695E14E8606C00788808 /* TTAppDelegate.m */ = {isa = PBXFileReference; lastKnownFileType = sourcecode.c.objc; path = TTAppDelegate.m; sourceTree = "<group>"; };
		50AE696514E8606C00788808 /* TabulaTabsTests.octest */ = {isa = PBXFileReference; explicitFileType = wrapper.cfbundle; includeInIndex = 0; path = TabulaTabsTests.octest; sourceTree = BUILT_PRODUCTS_DIR; };
		50AE696614E8606C00788808 /* SenTestingKit.framework */ = {isa = PBXFileReference; lastKnownFileType = wrapper.framework; name = SenTestingKit.framework; path = Library/Frameworks/SenTestingKit.framework; sourceTree = DEVELOPER_DIR; };
		50AE696E14E8606C00788808 /* TabulaTabsTests-Info.plist */ = {isa = PBXFileReference; lastKnownFileType = text.plist.xml; path = "TabulaTabsTests-Info.plist"; sourceTree = "<group>"; };
		50AE697014E8606C00788808 /* en */ = {isa = PBXFileReference; lastKnownFileType = text.plist.strings; name = en; path = en.lproj/InfoPlist.strings; sourceTree = "<group>"; };
		50AE697214E8606C00788808 /* TabulaTabsTests.h */ = {isa = PBXFileReference; lastKnownFileType = sourcecode.c.h; path = TabulaTabsTests.h; sourceTree = "<group>"; };
		50AE697314E8606C00788808 /* TabulaTabsTests.m */ = {isa = PBXFileReference; lastKnownFileType = sourcecode.c.objc; path = TabulaTabsTests.m; sourceTree = "<group>"; };
		50AE698B14E860C700788808 /* TTBrowser.h */ = {isa = PBXFileReference; fileEncoding = 4; lastKnownFileType = sourcecode.c.h; path = TTBrowser.h; sourceTree = "<group>"; };
		50AE698C14E860C700788808 /* TTBrowser.m */ = {isa = PBXFileReference; fileEncoding = 4; lastKnownFileType = sourcecode.c.objc; path = TTBrowser.m; sourceTree = "<group>"; };
		50AE698D14E860C700788808 /* TTEncryption.h */ = {isa = PBXFileReference; fileEncoding = 4; lastKnownFileType = sourcecode.c.h; path = TTEncryption.h; sourceTree = "<group>"; };
		50AE698E14E860C700788808 /* TTEncryption.m */ = {isa = PBXFileReference; fileEncoding = 4; lastKnownFileType = sourcecode.c.objc; path = TTEncryption.m; sourceTree = "<group>"; };
		50AE698F14E860C700788808 /* TTRestfulClient.h */ = {isa = PBXFileReference; fileEncoding = 4; lastKnownFileType = sourcecode.c.h; path = TTRestfulClient.h; sourceTree = "<group>"; };
		50AE699014E860C700788808 /* TTRestfulClient.m */ = {isa = PBXFileReference; fileEncoding = 4; lastKnownFileType = sourcecode.c.objc; path = TTRestfulClient.m; sourceTree = "<group>"; };
		50AE699514E860DD00788808 /* NSData-AES.h */ = {isa = PBXFileReference; fileEncoding = 4; lastKnownFileType = sourcecode.c.h; path = "NSData-AES.h"; sourceTree = "<group>"; };
		50AE699614E860DD00788808 /* NSData-AES.m */ = {isa = PBXFileReference; fileEncoding = 4; lastKnownFileType = sourcecode.c.objc; path = "NSData-AES.m"; sourceTree = "<group>"; };
		50AE699714E860DD00788808 /* NSData-hex.h */ = {isa = PBXFileReference; fileEncoding = 4; lastKnownFileType = sourcecode.c.h; path = "NSData-hex.h"; sourceTree = "<group>"; };
		50AE699814E860DD00788808 /* NSData-hex.m */ = {isa = PBXFileReference; fileEncoding = 4; lastKnownFileType = sourcecode.c.objc; path = "NSData-hex.m"; sourceTree = "<group>"; };
		50AE699914E860DD00788808 /* NSData+Base64.h */ = {isa = PBXFileReference; fileEncoding = 4; lastKnownFileType = sourcecode.c.h; path = "NSData+Base64.h"; sourceTree = "<group>"; };
		50AE699A14E860DD00788808 /* NSData+Base64.m */ = {isa = PBXFileReference; fileEncoding = 4; lastKnownFileType = sourcecode.c.objc; path = "NSData+Base64.m"; sourceTree = "<group>"; };
		50C129E0150D378900A3E3DA /* TTDevelopmentHelpers.h */ = {isa = PBXFileReference; fileEncoding = 4; lastKnownFileType = sourcecode.c.h; path = TTDevelopmentHelpers.h; sourceTree = "<group>"; };
		50C129E1150D378900A3E3DA /* TTDevelopmentHelpers.m */ = {isa = PBXFileReference; fileEncoding = 4; lastKnownFileType = sourcecode.c.objc; path = TTDevelopmentHelpers.m; sourceTree = "<group>"; };
		50C129E8150D4F1300A3E3DA /* MTStatusBarOverlay.h */ = {isa = PBXFileReference; fileEncoding = 4; lastKnownFileType = sourcecode.c.h; path = MTStatusBarOverlay.h; sourceTree = "<group>"; };
		50C129E9150D4F1300A3E3DA /* MTStatusBarOverlay.m */ = {isa = PBXFileReference; fileEncoding = 4; lastKnownFileType = sourcecode.c.objc; path = MTStatusBarOverlay.m; sourceTree = "<group>"; };
		50C12A3B150EA0AA00A3E3DA /* TTTabTableViewCell.h */ = {isa = PBXFileReference; fileEncoding = 4; lastKnownFileType = sourcecode.c.h; path = TTTabTableViewCell.h; sourceTree = "<group>"; };
		50C12A3C150EA0AA00A3E3DA /* TTTabTableViewCell.m */ = {isa = PBXFileReference; fileEncoding = 4; lastKnownFileType = sourcecode.c.objc; path = TTTabTableViewCell.m; sourceTree = "<group>"; };
		50C12A3E150EA4B100A3E3DA /* MWHTTPImageCache.h */ = {isa = PBXFileReference; fileEncoding = 4; lastKnownFileType = sourcecode.c.h; path = MWHTTPImageCache.h; sourceTree = "<group>"; };
		50C12A3F150EA4B100A3E3DA /* MWHTTPImageCache.m */ = {isa = PBXFileReference; fileEncoding = 4; lastKnownFileType = sourcecode.c.objc; path = MWHTTPImageCache.m; sourceTree = "<group>"; };
		50C12A5B150EACB500A3E3DA /* UIImage+Resize.h */ = {isa = PBXFileReference; fileEncoding = 4; lastKnownFileType = sourcecode.c.h; path = "UIImage+Resize.h"; sourceTree = "<group>"; };
		50C12A5C150EACB500A3E3DA /* UIImage+Resize.m */ = {isa = PBXFileReference; fileEncoding = 4; lastKnownFileType = sourcecode.c.objc; path = "UIImage+Resize.m"; sourceTree = "<group>"; };
		50DB39DC151DEB7300CF421A /* TTWebViewController.h */ = {isa = PBXFileReference; fileEncoding = 4; lastKnownFileType = sourcecode.c.h; path = TTWebViewController.h; sourceTree = "<group>"; };
		50DB39DD151DEB7300CF421A /* TTWebViewController.m */ = {isa = PBXFileReference; fileEncoding = 4; lastKnownFileType = sourcecode.c.objc; path = TTWebViewController.m; sourceTree = "<group>"; };
		50ECD790154A9B6F00CCC302 /* TableBottomShadow.png */ = {isa = PBXFileReference; lastKnownFileType = image.png; path = TableBottomShadow.png; sourceTree = "<group>"; };
		50ECD791154A9B6F00CCC302 /* TableBottomShadow@2x.png */ = {isa = PBXFileReference; lastKnownFileType = image.png; path = "TableBottomShadow@2x.png"; sourceTree = "<group>"; };
		50F3579B1521BE0700F2780F /* registrationGuide.html */ = {isa = PBXFileReference; fileEncoding = 4; lastKnownFileType = text.html; path = registrationGuide.html; sourceTree = "<group>"; };
		50F357C01521CBD500F2780F /* UIImage+ColorOverlay.h */ = {isa = PBXFileReference; fileEncoding = 4; lastKnownFileType = sourcecode.c.h; path = "UIImage+ColorOverlay.h"; sourceTree = "<group>"; };
		50F357C11521CBD500F2780F /* UIImage+ColorOverlay.m */ = {isa = PBXFileReference; fileEncoding = 4; lastKnownFileType = sourcecode.c.objc; path = "UIImage+ColorOverlay.m"; sourceTree = "<group>"; };
		50F357C51521CD6900F2780F /* TTSettingsViewController.h */ = {isa = PBXFileReference; fileEncoding = 4; lastKnownFileType = sourcecode.c.h; path = TTSettingsViewController.h; sourceTree = "<group>"; };
		50F357C61521CD6900F2780F /* TTSettingsViewController.m */ = {isa = PBXFileReference; fileEncoding = 4; lastKnownFileType = sourcecode.c.objc; path = TTSettingsViewController.m; sourceTree = "<group>"; };
		50F3639E14E925ED00AB104C /* AsyncTests.h */ = {isa = PBXFileReference; fileEncoding = 4; lastKnownFileType = sourcecode.c.h; path = AsyncTests.h; sourceTree = "<group>"; };
		50F3639F14E925ED00AB104C /* AsyncTests.m */ = {isa = PBXFileReference; fileEncoding = 4; lastKnownFileType = sourcecode.c.objc; path = AsyncTests.m; sourceTree = "<group>"; };
		50F363AA14E9496600AB104C /* MWURLConnection.h */ = {isa = PBXFileReference; fileEncoding = 4; lastKnownFileType = sourcecode.c.h; path = MWURLConnection.h; sourceTree = "<group>"; };
		50F363AB14E9496600AB104C /* MWURLConnection.m */ = {isa = PBXFileReference; fileEncoding = 4; lastKnownFileType = sourcecode.c.objc; path = MWURLConnection.m; sourceTree = "<group>"; };
		50FE0A7714EB154100823CE6 /* Decoder.h */ = {isa = PBXFileReference; fileEncoding = 4; lastKnownFileType = sourcecode.c.h; path = Decoder.h; sourceTree = "<group>"; };
		50FE0A7814EB154100823CE6 /* Exception.h */ = {isa = PBXFileReference; fileEncoding = 4; lastKnownFileType = sourcecode.c.h; path = Exception.h; sourceTree = "<group>"; };
		50FE0A7914EB154100823CE6 /* Image.h */ = {isa = PBXFileReference; fileEncoding = 4; lastKnownFileType = sourcecode.c.h; path = Image.h; sourceTree = "<group>"; };
		50FE0A7A14EB154100823CE6 /* ImageScanner.h */ = {isa = PBXFileReference; fileEncoding = 4; lastKnownFileType = sourcecode.c.h; path = ImageScanner.h; sourceTree = "<group>"; };
		50FE0A7B14EB154100823CE6 /* Processor.h */ = {isa = PBXFileReference; fileEncoding = 4; lastKnownFileType = sourcecode.c.h; path = Processor.h; sourceTree = "<group>"; };
		50FE0A7C14EB154100823CE6 /* Scanner.h */ = {isa = PBXFileReference; fileEncoding = 4; lastKnownFileType = sourcecode.c.h; path = Scanner.h; sourceTree = "<group>"; };
		50FE0A7D14EB154100823CE6 /* Symbol.h */ = {isa = PBXFileReference; fileEncoding = 4; lastKnownFileType = sourcecode.c.h; path = Symbol.h; sourceTree = "<group>"; };
		50FE0A7E14EB154100823CE6 /* Video.h */ = {isa = PBXFileReference; fileEncoding = 4; lastKnownFileType = sourcecode.c.h; path = Video.h; sourceTree = "<group>"; };
		50FE0A7F14EB154100823CE6 /* Window.h */ = {isa = PBXFileReference; fileEncoding = 4; lastKnownFileType = sourcecode.c.h; path = Window.h; sourceTree = "<group>"; };
		50FE0A8014EB154100823CE6 /* zbar.h */ = {isa = PBXFileReference; fileEncoding = 4; lastKnownFileType = sourcecode.c.h; path = zbar.h; sourceTree = "<group>"; };
		50FE0A8114EB154100823CE6 /* ZBarCameraSimulator.h */ = {isa = PBXFileReference; fileEncoding = 4; lastKnownFileType = sourcecode.c.h; path = ZBarCameraSimulator.h; sourceTree = "<group>"; };
		50FE0A8214EB154100823CE6 /* ZBarCaptureReader.h */ = {isa = PBXFileReference; fileEncoding = 4; lastKnownFileType = sourcecode.c.h; path = ZBarCaptureReader.h; sourceTree = "<group>"; };
		50FE0A8314EB154100823CE6 /* ZBarHelpController.h */ = {isa = PBXFileReference; fileEncoding = 4; lastKnownFileType = sourcecode.c.h; path = ZBarHelpController.h; sourceTree = "<group>"; };
		50FE0A8414EB154100823CE6 /* ZBarImage.h */ = {isa = PBXFileReference; fileEncoding = 4; lastKnownFileType = sourcecode.c.h; path = ZBarImage.h; sourceTree = "<group>"; };
		50FE0A8514EB154100823CE6 /* ZBarImageScanner.h */ = {isa = PBXFileReference; fileEncoding = 4; lastKnownFileType = sourcecode.c.h; path = ZBarImageScanner.h; sourceTree = "<group>"; };
		50FE0A8614EB154100823CE6 /* ZBarReaderController.h */ = {isa = PBXFileReference; fileEncoding = 4; lastKnownFileType = sourcecode.c.h; path = ZBarReaderController.h; sourceTree = "<group>"; };
		50FE0A8714EB154100823CE6 /* ZBarReaderView.h */ = {isa = PBXFileReference; fileEncoding = 4; lastKnownFileType = sourcecode.c.h; path = ZBarReaderView.h; sourceTree = "<group>"; };
		50FE0A8814EB154100823CE6 /* ZBarReaderViewController.h */ = {isa = PBXFileReference; fileEncoding = 4; lastKnownFileType = sourcecode.c.h; path = ZBarReaderViewController.h; sourceTree = "<group>"; };
		50FE0A8914EB154100823CE6 /* ZBarSDK.h */ = {isa = PBXFileReference; fileEncoding = 4; lastKnownFileType = sourcecode.c.h; path = ZBarSDK.h; sourceTree = "<group>"; };
		50FE0A8A14EB154100823CE6 /* ZBarSymbol.h */ = {isa = PBXFileReference; fileEncoding = 4; lastKnownFileType = sourcecode.c.h; path = ZBarSymbol.h; sourceTree = "<group>"; };
		50FE0A8B14EB154100823CE6 /* libzbar.a */ = {isa = PBXFileReference; lastKnownFileType = archive.ar; path = libzbar.a; sourceTree = "<group>"; };
		50FE0A8D14EB154100823CE6 /* zbar-back.png */ = {isa = PBXFileReference; lastKnownFileType = image.png; path = "zbar-back.png"; sourceTree = "<group>"; };
		50FE0A8E14EB154100823CE6 /* zbar-help.html */ = {isa = PBXFileReference; fileEncoding = 4; lastKnownFileType = text.html; path = "zbar-help.html"; sourceTree = "<group>"; };
		50FE0A8F14EB154100823CE6 /* zbar-helpicons.png */ = {isa = PBXFileReference; lastKnownFileType = image.png; path = "zbar-helpicons.png"; sourceTree = "<group>"; };
		50FE0A9014EB154100823CE6 /* zbar-samples.png */ = {isa = PBXFileReference; lastKnownFileType = image.png; path = "zbar-samples.png"; sourceTree = "<group>"; };
		50FE0A9D14EB27DF00823CE6 /* TTTabListViewController.h */ = {isa = PBXFileReference; fileEncoding = 4; lastKnownFileType = sourcecode.c.h; path = TTTabListViewController.h; sourceTree = "<group>"; };
		50FE0A9E14EB27DF00823CE6 /* TTTabListViewController.m */ = {isa = PBXFileReference; fileEncoding = 4; lastKnownFileType = sourcecode.c.objc; path = TTTabListViewController.m; sourceTree = "<group>"; };
		50FE0AA014EB289400823CE6 /* TTWelcomeViewController.h */ = {isa = PBXFileReference; fileEncoding = 4; lastKnownFileType = sourcecode.c.h; path = TTWelcomeViewController.h; sourceTree = "<group>"; };
		50FE0AA114EB289400823CE6 /* TTWelcomeViewController.m */ = {isa = PBXFileReference; fileEncoding = 4; lastKnownFileType = sourcecode.c.objc; path = TTWelcomeViewController.m; sourceTree = "<group>"; };
		50FE0ABC14EB2F5E00823CE6 /* TTScanQRViewController.h */ = {isa = PBXFileReference; fileEncoding = 4; lastKnownFileType = sourcecode.c.h; path = TTScanQRViewController.h; sourceTree = "<group>"; };
		50FE0ABD14EB2F5E00823CE6 /* TTScanQRViewController.m */ = {isa = PBXFileReference; fileEncoding = 4; lastKnownFileType = sourcecode.c.objc; path = TTScanQRViewController.m; sourceTree = "<group>"; };
		50FE0ABF14EB315000823CE6 /* AVFoundation.framework */ = {isa = PBXFileReference; lastKnownFileType = wrapper.framework; name = AVFoundation.framework; path = System/Library/Frameworks/AVFoundation.framework; sourceTree = SDKROOT; };
		50FE0AC114EB315600823CE6 /* CoreMedia.framework */ = {isa = PBXFileReference; lastKnownFileType = wrapper.framework; name = CoreMedia.framework; path = System/Library/Frameworks/CoreMedia.framework; sourceTree = SDKROOT; };
		50FE0AC314EB315F00823CE6 /* CoreVideo.framework */ = {isa = PBXFileReference; lastKnownFileType = wrapper.framework; name = CoreVideo.framework; path = System/Library/Frameworks/CoreVideo.framework; sourceTree = SDKROOT; };
		50FE0AC514EB316400823CE6 /* QuartzCore.framework */ = {isa = PBXFileReference; lastKnownFileType = wrapper.framework; name = QuartzCore.framework; path = System/Library/Frameworks/QuartzCore.framework; sourceTree = SDKROOT; };
		50FE0AC714EB316E00823CE6 /* libiconv.dylib */ = {isa = PBXFileReference; lastKnownFileType = "compiled.mach-o.dylib"; name = libiconv.dylib; path = usr/lib/libiconv.dylib; sourceTree = SDKROOT; };
/* End PBXFileReference section */

/* Begin PBXFrameworksBuildPhase section */
		50AE694714E8606C00788808 /* Frameworks */ = {
			isa = PBXFrameworksBuildPhase;
			buildActionMask = 2147483647;
			files = (
				503288531520B1C2000CC58D /* MessageUI.framework in Frameworks */,
				503288501520A41A000CC58D /* Twitter.framework in Frameworks */,
				5016BA92151E063200AAA198 /* libz.dylib in Frameworks */,
				50FE0ACE14EB329200823CE6 /* libiconv.dylib in Frameworks */,
				50FE0ACD14EB328C00823CE6 /* QuartzCore.framework in Frameworks */,
				50FE0ACC14EB328200823CE6 /* CoreVideo.framework in Frameworks */,
				50FE0ACB14EB327900823CE6 /* CoreMedia.framework in Frameworks */,
				50FE0ACA14EB327300823CE6 /* AVFoundation.framework in Frameworks */,
				507C1F0414E8671F003085ED /* Security.framework in Frameworks */,
				50AE694F14E8606C00788808 /* UIKit.framework in Frameworks */,
				50AE695114E8606C00788808 /* Foundation.framework in Frameworks */,
				50AE695314E8606C00788808 /* CoreGraphics.framework in Frameworks */,
				50FE0A9114EB154100823CE6 /* libzbar.a in Frameworks */,
			);
			runOnlyForDeploymentPostprocessing = 0;
		};
		50AE696114E8606C00788808 /* Frameworks */ = {
			isa = PBXFrameworksBuildPhase;
			buildActionMask = 2147483647;
			files = (
				50AE696714E8606C00788808 /* SenTestingKit.framework in Frameworks */,
				50AE696814E8606C00788808 /* UIKit.framework in Frameworks */,
				50AE696914E8606C00788808 /* Foundation.framework in Frameworks */,
				50FE0AC914EB321600823CE6 /* CoreGraphics.framework in Frameworks */,
				50FE0AC014EB315000823CE6 /* AVFoundation.framework in Frameworks */,
				50FE0AC214EB315600823CE6 /* CoreMedia.framework in Frameworks */,
				50FE0AC414EB315F00823CE6 /* CoreVideo.framework in Frameworks */,
				50FE0AC614EB316400823CE6 /* QuartzCore.framework in Frameworks */,
				50FE0AC814EB316E00823CE6 /* libiconv.dylib in Frameworks */,
			);
			runOnlyForDeploymentPostprocessing = 0;
		};
/* End PBXFrameworksBuildPhase section */

/* Begin PBXGroup section */
		5000E17215334F9F00100FB1 /* WebViewActionIcons */ = {
			isa = PBXGroup;
			children = (
				5000E1831533503C00100FB1 /* 71-compass.png */,
				5000E1851533520B00100FB1 /* 71-compass@2x.png */,
				5000E187153352D700100FB1 /* 245-paperairplane.png */,
				5000E188153352D700100FB1 /* 245-paperairplane@2x.png */,
				5000E18B1533531100100FB1 /* 298-circlex.png */,
				5000E18C1533531100100FB1 /* 298-circlex@2x.png */,
				5000E17315334FE900100FB1 /* Chat-Bubble.png */,
				5000E17415334FE900100FB1 /* Chat-Bubble@2x.png */,
				5000E17715334FE900100FB1 /* Questionmark.png */,
				5000E17815334FE900100FB1 /* Questionmark@2x.png */,
				5000E17915334FE900100FB1 /* Twitter.png */,
				5000E17A15334FE900100FB1 /* Twitter@2x.png */,
				5000E1921533559100100FB1 /* Clipboard.png */,
				5000E1931533559100100FB1 /* Clipboard@2x.png */,
			);
			path = WebViewActionIcons;
			sourceTree = "<group>";
		};
		5016BA88151E05EB00AAA198 /* TestFlightSDK */ = {
			isa = PBXGroup;
			children = (
				5016BA89151E05EB00AAA198 /* libTestFlight.a */,
				5016BA8A151E05EB00AAA198 /* README.txt */,
				5016BA8B151E05EB00AAA198 /* release_notes.txt */,
				5016BA8C151E05EB00AAA198 /* TestFlight.h */,
			);
			path = TestFlightSDK;
			sourceTree = "<group>";
		};
		504167D6150AB2A0007A3431 /* SSKeychain */ = {
			isa = PBXGroup;
			children = (
				504167D7150AB2B9007A3431 /* SSKeychain.h */,
				504167D8150AB2B9007A3431 /* SSKeychain.m */,
			);
			name = SSKeychain;
			path = sskeychain;
			sourceTree = "<group>";
		};
		504F71E1152763F1008B4F7A /* BrowserToolbar */ = {
			isa = PBXGroup;
			children = (
				504F71E21527642D008B4F7A /* BrowserBackToList.png */,
				504F71E31527642D008B4F7A /* BrowserBackToList@2x.png */,
				504F72021527646B008B4F7A /* BrowserBackToListShadow.png */,
				504F72031527646B008B4F7A /* BrowserBackToListShadow@2x.png */,
				504F71E61527642D008B4F7A /* BrowserHistoryBack.png */,
				504F71E71527642D008B4F7A /* BrowserHistoryBack@2x.png */,
				504F71E81527642D008B4F7A /* BrowserHistoryFwd.png */,
				504F71E91527642D008B4F7A /* BrowserHistoryFwd@2x.png */,
				504F71EA1527642D008B4F7A /* BrowserReload.png */,
				504F71EB1527642D008B4F7A /* BrowserReload@2x.png */,
				504F71EC1527642D008B4F7A /* BrowserReloadShadow.png */,
				504F71ED1527642D008B4F7A /* BrowserReloadShadow@2x.png */,
				504F71EE1527642D008B4F7A /* BrowserShare.png */,
				504F71EF1527642D008B4F7A /* BrowserShare@2x.png */,
				504F71F01527642D008B4F7A /* BrowserToolbar.png */,
				504F71F11527642D008B4F7A /* BrowserToolbar@2x.png */,
			);
			name = BrowserToolbar;
			sourceTree = "<group>";
		};
		50623EF715249A1D0018BBD8 /* ECSlidingViewController */ = {
			isa = PBXGroup;
			children = (
				50623EF115249A160018BBD8 /* ECSlidingViewController.h */,
				50623EF215249A160018BBD8 /* ECSlidingViewController.m */,
				50623EF315249A160018BBD8 /* UIImage+ImageWithUIView.h */,
				50623EF415249A160018BBD8 /* UIImage+ImageWithUIView.m */,
			);
			name = ECSlidingViewController;
			sourceTree = "<group>";
		};
		5090704A1528B91A006D9DE4 /* TabListViewController */ = {
			isa = PBXGroup;
			children = (
				50ECD790154A9B6F00CCC302 /* TableBottomShadow.png */,
				50ECD791154A9B6F00CCC302 /* TableBottomShadow@2x.png */,
				509070501528B969006D9DE4 /* TabListSettingsButton.png */,
				509070511528B969006D9DE4 /* TabListSettingsButton@2x.png */,
				5090704C1528B928006D9DE4 /* TabListNavbar.png */,
				5090704D1528B928006D9DE4 /* TabListNavbar@2x.png */,
				509070541528BAF8006D9DE4 /* TabListBackground.png */,
				509070551528BAF8006D9DE4 /* TabListBackground@2x.png */,
				509070581528C326006D9DE4 /* TabListStitches.png */,
				509070591528C326006D9DE4 /* TabListStitches@2x.png */,
			);
			name = TabListViewController;
			sourceTree = "<group>";
		};
		5092F68D151E9DD600E2EC52 /* WebBrowser */ = {
			isa = PBXGroup;
			children = (
				50DB39DC151DEB7300CF421A /* TTWebViewController.h */,
				50DB39DD151DEB7300CF421A /* TTWebViewController.m */,
				5092F6A0151E9E0300E2EC52 /* TTSpinningReloadButton.h */,
				5092F6A1151E9E0300E2EC52 /* TTSpinningReloadButton.m */,
				504F724A152789BC008B4F7A /* TTFlippingButton.h */,
				504F724B152789BC008B4F7A /* TTFlippingButton.m */,
				5000E1961533661200100FB1 /* TTActionSheetButton.h */,
				5000E1971533661200100FB1 /* TTActionSheetButton.m */,
				50672D6E1533477700536821 /* TTWebViewActionViewController.h */,
				50672D6F1533477700536821 /* TTWebViewActionViewController.m */,
			);
			name = WebBrowser;
			sourceTree = "<group>";
		};
		50AB685214FAADEE0040D328 /* PullToRefresh */ = {
			isa = PBXGroup;
			children = (
				50AB685314FAADFE0040D328 /* PullRefreshTableViewController.h */,
				50AB685414FAADFE0040D328 /* PullRefreshTableViewController.m */,
				50AB685614FAAE100040D328 /* arrow.png */,
				50AB685714FAAE100040D328 /* README.markdown */,
			);
			name = PullToRefresh;
			sourceTree = "<group>";
		};
		50AE693F14E8606C00788808 = {
			isa = PBXGroup;
			children = (
				5016BA91151E063200AAA198 /* libz.dylib */,
				50F363A914E9402000AB104C /* Classes */,
				50AE699414E860D000788808 /* External */,
				50AE698914E860B400788808 /* API */,
				50AE695414E8606C00788808 /* TabulaTabs */,
				50FE0A9614EB276000823CE6 /* ViewController */,
				5092F68D151E9DD600E2EC52 /* WebBrowser */,
				50FE0AA314EB2A4800823CE6 /* Resources */,
				50AE695514E8606C00788808 /* Supporting Files */,
				50AE696C14E8606C00788808 /* TabulaTabsTests */,
				50AE694D14E8606C00788808 /* Frameworks */,
				50AE694B14E8606C00788808 /* Products */,
			);
			sourceTree = "<group>";
		};
		50AE694B14E8606C00788808 /* Products */ = {
			isa = PBXGroup;
			children = (
				50AE694A14E8606C00788808 /* TabulaTabs δ.app */,
				50AE696514E8606C00788808 /* TabulaTabsTests.octest */,
			);
			name = Products;
			sourceTree = "<group>";
		};
		50AE694D14E8606C00788808 /* Frameworks */ = {
			isa = PBXGroup;
			children = (
				503288521520B1C2000CC58D /* MessageUI.framework */,
				5032884F1520A41A000CC58D /* Twitter.framework */,
				50FE0AC714EB316E00823CE6 /* libiconv.dylib */,
				50FE0AC514EB316400823CE6 /* QuartzCore.framework */,
				50FE0AC314EB315F00823CE6 /* CoreVideo.framework */,
				50FE0AC114EB315600823CE6 /* CoreMedia.framework */,
				50FE0ABF14EB315000823CE6 /* AVFoundation.framework */,
				507C1F0314E8671F003085ED /* Security.framework */,
				50AE694E14E8606C00788808 /* UIKit.framework */,
				50AE695014E8606C00788808 /* Foundation.framework */,
				50AE695214E8606C00788808 /* CoreGraphics.framework */,
				50AE696614E8606C00788808 /* SenTestingKit.framework */,
			);
			name = Frameworks;
			sourceTree = "<group>";
		};
		50AE695414E8606C00788808 /* TabulaTabs */ = {
			isa = PBXGroup;
			children = (
				50AE695D14E8606C00788808 /* TTAppDelegate.h */,
				50AE695E14E8606C00788808 /* TTAppDelegate.m */,
				503893DD150BF10800CF22B6 /* TTBrowserRepresentation.h */,
				503893DE150BF10800CF22B6 /* TTBrowserRepresentation.m */,
				50C129E0150D378900A3E3DA /* TTDevelopmentHelpers.h */,
				50C129E1150D378900A3E3DA /* TTDevelopmentHelpers.m */,
				50A833BA1521FB3F007F97A8 /* TTBrowserController.h */,
				50A833BB1521FB3F007F97A8 /* TTBrowserController.m */,
			);
			path = TabulaTabs;
			sourceTree = "<group>";
		};
		50AE695514E8606C00788808 /* Supporting Files */ = {
			isa = PBXGroup;
			children = (
				50AE695614E8606C00788808 /* TabulaTabs-Info.plist */,
				50AE695714E8606C00788808 /* InfoPlist.strings */,
				50AE695A14E8606C00788808 /* main.m */,
				50AE695C14E8606C00788808 /* TabulaTabs-Prefix.pch */,
			);
			name = "Supporting Files";
			path = TabulaTabs;
			sourceTree = "<group>";
		};
		50AE696C14E8606C00788808 /* TabulaTabsTests */ = {
			isa = PBXGroup;
			children = (
				50F3639D14E925C900AB104C /* AsyncTests */,
				50AE697214E8606C00788808 /* TabulaTabsTests.h */,
				50AE697314E8606C00788808 /* TabulaTabsTests.m */,
				50AE696D14E8606C00788808 /* Supporting Files */,
			);
			path = TabulaTabsTests;
			sourceTree = "<group>";
		};
		50AE696D14E8606C00788808 /* Supporting Files */ = {
			isa = PBXGroup;
			children = (
				50AE696E14E8606C00788808 /* TabulaTabsTests-Info.plist */,
				50AE696F14E8606C00788808 /* InfoPlist.strings */,
			);
			name = "Supporting Files";
			sourceTree = "<group>";
		};
		50AE698914E860B400788808 /* API */ = {
			isa = PBXGroup;
			children = (
				50AE698B14E860C700788808 /* TTBrowser.h */,
				50AE698C14E860C700788808 /* TTBrowser.m */,
				5069085014EAEAA300D39759 /* TTClient.h */,
				5069085114EAEAA300D39759 /* TTClient.m */,
				5069084C14EAB50200D39759 /* TTTab.h */,
				5069084D14EAB50200D39759 /* TTTab.m */,
				50317194153F25C500570E33 /* TTWindow.h */,
				50317195153F25C500570E33 /* TTWindow.m */,
				50AE698D14E860C700788808 /* TTEncryption.h */,
				50AE698E14E860C700788808 /* TTEncryption.m */,
				50AE698F14E860C700788808 /* TTRestfulClient.h */,
				50AE699014E860C700788808 /* TTRestfulClient.m */,
				5069085314EAEB6D00D39759 /* TTRestfulEncryptedClient.h */,
				5069085414EAEB6D00D39759 /* TTRestfulEncryptedClient.m */,
			);
			name = API;
			sourceTree = "<group>";
		};
		50AE699414E860D000788808 /* External */ = {
			isa = PBXGroup;
			children = (
				50623EF715249A1D0018BBD8 /* ECSlidingViewController */,
				5016BA88151E05EB00AAA198 /* TestFlightSDK */,
				50C129E7150D4F0400A3E3DA /* MTStatusBarOverlay */,
				504167D6150AB2A0007A3431 /* SSKeychain */,
				50AB685214FAADEE0040D328 /* PullToRefresh */,
				50FE0A7314EB154100823CE6 /* ZBarSDK */,
				50AE699514E860DD00788808 /* NSData-AES.h */,
				50AE699614E860DD00788808 /* NSData-AES.m */,
				50AE699714E860DD00788808 /* NSData-hex.h */,
				50AE699814E860DD00788808 /* NSData-hex.m */,
				50AE699914E860DD00788808 /* NSData+Base64.h */,
				50AE699A14E860DD00788808 /* NSData+Base64.m */,
			);
			name = External;
			sourceTree = "<group>";
		};
		50C129E7150D4F0400A3E3DA /* MTStatusBarOverlay */ = {
			isa = PBXGroup;
			children = (
				50C129E8150D4F1300A3E3DA /* MTStatusBarOverlay.h */,
				50C129E9150D4F1300A3E3DA /* MTStatusBarOverlay.m */,
			);
			name = MTStatusBarOverlay;
			sourceTree = "<group>";
		};
		50F3639D14E925C900AB104C /* AsyncTests */ = {
			isa = PBXGroup;
			children = (
				50F3639E14E925ED00AB104C /* AsyncTests.h */,
				50F3639F14E925ED00AB104C /* AsyncTests.m */,
			);
			name = AsyncTests;
			path = ..;
			sourceTree = "<group>";
		};
		50F363A914E9402000AB104C /* Classes */ = {
			isa = PBXGroup;
			children = (
				50F363AA14E9496600AB104C /* MWURLConnection.h */,
				50F363AB14E9496600AB104C /* MWURLConnection.m */,
				50C12A3E150EA4B100A3E3DA /* MWHTTPImageCache.h */,
				50C12A3F150EA4B100A3E3DA /* MWHTTPImageCache.m */,
				50C12A5B150EACB500A3E3DA /* UIImage+Resize.h */,
				50C12A5C150EACB500A3E3DA /* UIImage+Resize.m */,
				50F357C01521CBD500F2780F /* UIImage+ColorOverlay.h */,
				50F357C11521CBD500F2780F /* UIImage+ColorOverlay.m */,
				509EB49B1523387F009F7A2B /* UIColor+TabulaTabs.h */,
				509EB49C1523387F009F7A2B /* UIColor+TabulaTabs.m */,
				503288541520B745000CC58D /* NSURL+TabulaTabs.h */,
				503288551520B745000CC58D /* NSURL+TabulaTabs.m */,
				5030B4CB15307A32002EAE15 /* NSString+SHA1.h */,
				5030B4CC15307A32002EAE15 /* NSString+SHA1.m */,
			);
			name = Classes;
			sourceTree = "<group>";
		};
		50FE0A7314EB154100823CE6 /* ZBarSDK */ = {
			isa = PBXGroup;
			children = (
				50FE0A7414EB154100823CE6 /* Headers */,
				50FE0A8B14EB154100823CE6 /* libzbar.a */,
				50FE0A8C14EB154100823CE6 /* Resources */,
			);
			path = ZBarSDK;
			sourceTree = "<group>";
		};
		50FE0A7414EB154100823CE6 /* Headers */ = {
			isa = PBXGroup;
			children = (
				50FE0A7514EB154100823CE6 /* ZBarSDK */,
			);
			path = Headers;
			sourceTree = "<group>";
		};
		50FE0A7514EB154100823CE6 /* ZBarSDK */ = {
			isa = PBXGroup;
			children = (
				50FE0A7614EB154100823CE6 /* zbar */,
				50FE0A8014EB154100823CE6 /* zbar.h */,
				50FE0A8114EB154100823CE6 /* ZBarCameraSimulator.h */,
				50FE0A8214EB154100823CE6 /* ZBarCaptureReader.h */,
				50FE0A8314EB154100823CE6 /* ZBarHelpController.h */,
				50FE0A8414EB154100823CE6 /* ZBarImage.h */,
				50FE0A8514EB154100823CE6 /* ZBarImageScanner.h */,
				50FE0A8614EB154100823CE6 /* ZBarReaderController.h */,
				50FE0A8714EB154100823CE6 /* ZBarReaderView.h */,
				50FE0A8814EB154100823CE6 /* ZBarReaderViewController.h */,
				50FE0A8914EB154100823CE6 /* ZBarSDK.h */,
				50FE0A8A14EB154100823CE6 /* ZBarSymbol.h */,
			);
			path = ZBarSDK;
			sourceTree = "<group>";
		};
		50FE0A7614EB154100823CE6 /* zbar */ = {
			isa = PBXGroup;
			children = (
				50FE0A7714EB154100823CE6 /* Decoder.h */,
				50FE0A7814EB154100823CE6 /* Exception.h */,
				50FE0A7914EB154100823CE6 /* Image.h */,
				50FE0A7A14EB154100823CE6 /* ImageScanner.h */,
				50FE0A7B14EB154100823CE6 /* Processor.h */,
				50FE0A7C14EB154100823CE6 /* Scanner.h */,
				50FE0A7D14EB154100823CE6 /* Symbol.h */,
				50FE0A7E14EB154100823CE6 /* Video.h */,
				50FE0A7F14EB154100823CE6 /* Window.h */,
			);
			path = zbar;
			sourceTree = "<group>";
		};
		50FE0A8C14EB154100823CE6 /* Resources */ = {
			isa = PBXGroup;
			children = (
				50FE0A8D14EB154100823CE6 /* zbar-back.png */,
				50FE0A8E14EB154100823CE6 /* zbar-help.html */,
				50FE0A8F14EB154100823CE6 /* zbar-helpicons.png */,
				50FE0A9014EB154100823CE6 /* zbar-samples.png */,
			);
			path = Resources;
			sourceTree = "<group>";
		};
		50FE0A9614EB276000823CE6 /* ViewController */ = {
			isa = PBXGroup;
			children = (
				5030B475152DFFEC002EAE15 /* MWSlidingViewController.h */,
				5030B476152DFFEC002EAE15 /* MWSlidingViewController.m */,
				50FE0A9D14EB27DF00823CE6 /* TTTabListViewController.h */,
				50FE0A9E14EB27DF00823CE6 /* TTTabListViewController.m */,
				50C12A3B150EA0AA00A3E3DA /* TTTabTableViewCell.h */,
				50C12A3C150EA0AA00A3E3DA /* TTTabTableViewCell.m */,
				5067AE141522126E00CF6BFA /* TTAddBrowserFlowViewController.h */,
				5067AE151522126E00CF6BFA /* TTAddBrowserFlowViewController.m */,
				50FE0AA014EB289400823CE6 /* TTWelcomeViewController.h */,
				50FE0AA114EB289400823CE6 /* TTWelcomeViewController.m */,
				50FE0ABC14EB2F5E00823CE6 /* TTScanQRViewController.h */,
				50FE0ABD14EB2F5E00823CE6 /* TTScanQRViewController.m */,
				5067AE1815221B2800CF6BFA /* TTSettingsNavController.h */,
				5067AE1915221B2800CF6BFA /* TTSettingsNavController.m */,
				50F357C51521CD6900F2780F /* TTSettingsViewController.h */,
				50F357C61521CD6900F2780F /* TTSettingsViewController.m */,
			);
			name = ViewController;
			sourceTree = "<group>";
		};
		50FE0AA314EB2A4800823CE6 /* Resources */ = {
			isa = PBXGroup;
			children = (
				5000E17215334F9F00100FB1 /* WebViewActionIcons */,
				5090704A1528B91A006D9DE4 /* TabListViewController */,
				504F71E1152763F1008B4F7A /* BrowserToolbar */,
				504A984D152C81DE00AEF75D /* AppIcon@2x.png */,
				504A984A152C81D800AEF75D /* AppIcon.png */,
				50F3579B1521BE0700F2780F /* registrationGuide.html */,
			);
			path = Resources;
			sourceTree = "<group>";
		};
/* End PBXGroup section */

/* Begin PBXNativeTarget section */
		50AE694914E8606C00788808 /* TabulaTabs */ = {
			isa = PBXNativeTarget;
			buildConfigurationList = 50AE697714E8606C00788808 /* Build configuration list for PBXNativeTarget "TabulaTabs" */;
			buildPhases = (
				50AE694614E8606C00788808 /* Sources */,
				50AE694714E8606C00788808 /* Frameworks */,
				50AE694814E8606C00788808 /* Resources */,
				5092F6BA151EA0EE00E2EC52 /* ShellScript */,
			);
			buildRules = (
			);
			dependencies = (
			);
			name = TabulaTabs;
			productName = TabulaTabs;
			productReference = 50AE694A14E8606C00788808 /* TabulaTabs δ.app */;
			productType = "com.apple.product-type.application";
		};
		50AE696414E8606C00788808 /* TabulaTabsTests */ = {
			isa = PBXNativeTarget;
			buildConfigurationList = 50AE697A14E8606C00788808 /* Build configuration list for PBXNativeTarget "TabulaTabsTests" */;
			buildPhases = (
				50AE696014E8606C00788808 /* Sources */,
				50AE696114E8606C00788808 /* Frameworks */,
				50AE696214E8606C00788808 /* Resources */,
				50AE696314E8606C00788808 /* ShellScript */,
			);
			buildRules = (
			);
			dependencies = (
				50AE696B14E8606C00788808 /* PBXTargetDependency */,
			);
			name = TabulaTabsTests;
			productName = TabulaTabsTests;
			productReference = 50AE696514E8606C00788808 /* TabulaTabsTests.octest */;
			productType = "com.apple.product-type.bundle";
		};
/* End PBXNativeTarget section */

/* Begin PBXProject section */
		50AE694114E8606C00788808 /* Project object */ = {
			isa = PBXProject;
			attributes = {
				LastUpgradeCheck = 0430;
			};
			buildConfigurationList = 50AE694414E8606C00788808 /* Build configuration list for PBXProject "TabulaTabs" */;
			compatibilityVersion = "Xcode 3.2";
			developmentRegion = English;
			hasScannedForEncodings = 0;
			knownRegions = (
				en,
			);
			mainGroup = 50AE693F14E8606C00788808;
			productRefGroup = 50AE694B14E8606C00788808 /* Products */;
			projectDirPath = "";
			projectRoot = "";
			targets = (
				50AE694914E8606C00788808 /* TabulaTabs */,
				50AE696414E8606C00788808 /* TabulaTabsTests */,
			);
		};
/* End PBXProject section */

/* Begin PBXResourcesBuildPhase section */
		50AE694814E8606C00788808 /* Resources */ = {
			isa = PBXResourcesBuildPhase;
			buildActionMask = 2147483647;
			files = (
				50AB685B14FAAE7D0040D328 /* arrow.png in Resources */,
				50AE695914E8606C00788808 /* InfoPlist.strings in Resources */,
				50FE0A9214EB154100823CE6 /* zbar-back.png in Resources */,
				50FE0A9314EB154100823CE6 /* zbar-help.html in Resources */,
				50FE0A9414EB154100823CE6 /* zbar-helpicons.png in Resources */,
				50FE0A9514EB154100823CE6 /* zbar-samples.png in Resources */,
				5016BA8E151E05EB00AAA198 /* README.txt in Resources */,
				5016BA8F151E05EB00AAA198 /* release_notes.txt in Resources */,
				50F3579C1521BE0700F2780F /* registrationGuide.html in Resources */,
				504F71F21527642D008B4F7A /* BrowserBackToList.png in Resources */,
				504F71F31527642D008B4F7A /* BrowserBackToList@2x.png in Resources */,
				504F71F61527642D008B4F7A /* BrowserHistoryBack.png in Resources */,
				504F71F71527642D008B4F7A /* BrowserHistoryBack@2x.png in Resources */,
				504F71F81527642D008B4F7A /* BrowserHistoryFwd.png in Resources */,
				504F71F91527642D008B4F7A /* BrowserHistoryFwd@2x.png in Resources */,
				504F71FA1527642D008B4F7A /* BrowserReload.png in Resources */,
				504F71FB1527642D008B4F7A /* BrowserReload@2x.png in Resources */,
				504F71FC1527642D008B4F7A /* BrowserReloadShadow.png in Resources */,
				504F71FD1527642D008B4F7A /* BrowserReloadShadow@2x.png in Resources */,
				504F71FE1527642D008B4F7A /* BrowserShare.png in Resources */,
				504F71FF1527642D008B4F7A /* BrowserShare@2x.png in Resources */,
				504F72001527642D008B4F7A /* BrowserToolbar.png in Resources */,
				504F72011527642D008B4F7A /* BrowserToolbar@2x.png in Resources */,
				504F72041527646B008B4F7A /* BrowserBackToListShadow.png in Resources */,
				504F72051527646B008B4F7A /* BrowserBackToListShadow@2x.png in Resources */,
				5090704E1528B928006D9DE4 /* TabListNavbar.png in Resources */,
				5090704F1528B928006D9DE4 /* TabListNavbar@2x.png in Resources */,
				509070521528B969006D9DE4 /* TabListSettingsButton.png in Resources */,
				509070531528B969006D9DE4 /* TabListSettingsButton@2x.png in Resources */,
				509070561528BAF8006D9DE4 /* TabListBackground.png in Resources */,
				509070571528BAF8006D9DE4 /* TabListBackground@2x.png in Resources */,
				5090705A1528C326006D9DE4 /* TabListStitches.png in Resources */,
				5090705B1528C326006D9DE4 /* TabListStitches@2x.png in Resources */,
				504A984B152C81D800AEF75D /* AppIcon.png in Resources */,
				504A984E152C81DE00AEF75D /* AppIcon@2x.png in Resources */,
				5000E17B15334FE900100FB1 /* Chat-Bubble.png in Resources */,
				5000E17C15334FE900100FB1 /* Chat-Bubble@2x.png in Resources */,
				5000E17F15334FE900100FB1 /* Questionmark.png in Resources */,
				5000E18015334FE900100FB1 /* Questionmark@2x.png in Resources */,
				5000E18115334FE900100FB1 /* Twitter.png in Resources */,
				5000E18215334FE900100FB1 /* Twitter@2x.png in Resources */,
				5000E1841533503C00100FB1 /* 71-compass.png in Resources */,
				5000E1861533520B00100FB1 /* 71-compass@2x.png in Resources */,
				5000E189153352D700100FB1 /* 245-paperairplane.png in Resources */,
				5000E18A153352D700100FB1 /* 245-paperairplane@2x.png in Resources */,
				5000E18D1533531100100FB1 /* 298-circlex.png in Resources */,
				5000E18E1533531100100FB1 /* 298-circlex@2x.png in Resources */,
				5000E1941533559100100FB1 /* Clipboard.png in Resources */,
				5000E1951533559100100FB1 /* Clipboard@2x.png in Resources */,
				50ECD792154A9B6F00CCC302 /* TableBottomShadow.png in Resources */,
				50ECD793154A9B6F00CCC302 /* TableBottomShadow@2x.png in Resources */,
			);
			runOnlyForDeploymentPostprocessing = 0;
		};
		50AE696214E8606C00788808 /* Resources */ = {
			isa = PBXResourcesBuildPhase;
			buildActionMask = 2147483647;
			files = (
				50AE697114E8606C00788808 /* InfoPlist.strings in Resources */,
				50AB685814FAAE100040D328 /* arrow.png in Resources */,
				50AB685914FAAE100040D328 /* README.markdown in Resources */,
			);
			runOnlyForDeploymentPostprocessing = 0;
		};
/* End PBXResourcesBuildPhase section */

/* Begin PBXShellScriptBuildPhase section */
		5092F6BA151EA0EE00E2EC52 /* ShellScript */ = {
			isa = PBXShellScriptBuildPhase;
			buildActionMask = 2147483647;
			files = (
			);
			inputPaths = (
			);
			outputPaths = (
			);
			runOnlyForDeploymentPostprocessing = 0;
			shellPath = /bin/bash;
			shellScript = "bundleVersion=$(/usr/libexec/PlistBuddy -c \"Print CFBundleVersion\" TabulaTabs/TabulaTabs-Info.plist)\nbuildNumber=$(/usr/libexec/PlistBuddy -c \"Print CFBundleVersion\" TabulaTabs/TabulaTabs-Info.plist)\nbuildNumber=$(($buildNumber + 1))\n/usr/libexec/PlistBuddy -c \"Set :CFBundleVersion $buildNumber\" TabulaTabs/TabulaTabs-Info.plist\n";
		};
		50AE696314E8606C00788808 /* ShellScript */ = {
			isa = PBXShellScriptBuildPhase;
			buildActionMask = 2147483647;
			files = (
			);
			inputPaths = (
			);
			outputPaths = (
			);
			runOnlyForDeploymentPostprocessing = 0;
			shellPath = /bin/sh;
			shellScript = "# Run the unit tests in this test bundle.\n\"${SYSTEM_DEVELOPER_DIR}/Tools/RunUnitTests\"\n";
		};
/* End PBXShellScriptBuildPhase section */

/* Begin PBXSourcesBuildPhase section */
		50AE694614E8606C00788808 /* Sources */ = {
			isa = PBXSourcesBuildPhase;
			buildActionMask = 2147483647;
			files = (
				5092F6A3151E9E2200E2EC52 /* TTSpinningReloadButton.m in Sources */,
				50C129EB150D4F6900A3E3DA /* MTStatusBarOverlay.m in Sources */,
				504167DA150AB323007A3431 /* SSKeychain.m in Sources */,
				50AB685A14FAAE740040D328 /* PullRefreshTableViewController.m in Sources */,
				50AE695B14E8606C00788808 /* main.m in Sources */,
				50AE695F14E8606C00788808 /* TTAppDelegate.m in Sources */,
				50AE699114E860C700788808 /* TTBrowser.m in Sources */,
				50AE699214E860C700788808 /* TTEncryption.m in Sources */,
				50AE699314E860C700788808 /* TTRestfulClient.m in Sources */,
				50AE699B14E860DD00788808 /* NSData-AES.m in Sources */,
				50AE699C14E860DD00788808 /* NSData-hex.m in Sources */,
				50AE699D14E860DD00788808 /* NSData+Base64.m in Sources */,
				50F363A014E925ED00AB104C /* AsyncTests.m in Sources */,
				50F363AC14E9496600AB104C /* MWURLConnection.m in Sources */,
				5069084E14EAB50200D39759 /* TTTab.m in Sources */,
				5069085214EAEAA300D39759 /* TTClient.m in Sources */,
				5069085514EAEB6D00D39759 /* TTRestfulEncryptedClient.m in Sources */,
				50FE0A9F14EB27DF00823CE6 /* TTTabListViewController.m in Sources */,
				50FE0AA214EB289400823CE6 /* TTWelcomeViewController.m in Sources */,
				50FE0ABE14EB2F5E00823CE6 /* TTScanQRViewController.m in Sources */,
				503893DF150BF10800CF22B6 /* TTBrowserRepresentation.m in Sources */,
				50C129E2150D378900A3E3DA /* TTDevelopmentHelpers.m in Sources */,
				50C12A3D150EA0AA00A3E3DA /* TTTabTableViewCell.m in Sources */,
				50C12A40150EA4B100A3E3DA /* MWHTTPImageCache.m in Sources */,
				50C12A5D150EACB500A3E3DA /* UIImage+Resize.m in Sources */,
				50DB39DE151DEB7300CF421A /* TTWebViewController.m in Sources */,
				503288561520B745000CC58D /* NSURL+TabulaTabs.m in Sources */,
				50F357C21521CBD500F2780F /* UIImage+ColorOverlay.m in Sources */,
				50F357C71521CD6900F2780F /* TTSettingsViewController.m in Sources */,
				50A833BC1521FB3F007F97A8 /* TTBrowserController.m in Sources */,
				5067AE161522126E00CF6BFA /* TTAddBrowserFlowViewController.m in Sources */,
				5067AE1A15221B2800CF6BFA /* TTSettingsNavController.m in Sources */,
				509EB49D1523387F009F7A2B /* UIColor+TabulaTabs.m in Sources */,
				50623EF515249A160018BBD8 /* ECSlidingViewController.m in Sources */,
				50623EF615249A160018BBD8 /* UIImage+ImageWithUIView.m in Sources */,
				504F724C152789BC008B4F7A /* TTFlippingButton.m in Sources */,
				5030B477152DFFEC002EAE15 /* MWSlidingViewController.m in Sources */,
				5030B4CD15307A32002EAE15 /* NSString+SHA1.m in Sources */,
				50672D701533477700536821 /* TTWebViewActionViewController.m in Sources */,
				5000E1981533661200100FB1 /* TTActionSheetButton.m in Sources */,
				50317196153F25C500570E33 /* TTWindow.m in Sources */,
			);
			runOnlyForDeploymentPostprocessing = 0;
		};
		50AE696014E8606C00788808 /* Sources */ = {
			isa = PBXSourcesBuildPhase;
			buildActionMask = 2147483647;
			files = (
				50AE697414E8606C00788808 /* TabulaTabsTests.m in Sources */,
				5092F6A2151E9E0300E2EC52 /* TTSpinningReloadButton.m in Sources */,
			);
			runOnlyForDeploymentPostprocessing = 0;
		};
/* End PBXSourcesBuildPhase section */

/* Begin PBXTargetDependency section */
		50AE696B14E8606C00788808 /* PBXTargetDependency */ = {
			isa = PBXTargetDependency;
			target = 50AE694914E8606C00788808 /* TabulaTabs */;
			targetProxy = 50AE696A14E8606C00788808 /* PBXContainerItemProxy */;
		};
/* End PBXTargetDependency section */

/* Begin PBXVariantGroup section */
		50AE695714E8606C00788808 /* InfoPlist.strings */ = {
			isa = PBXVariantGroup;
			children = (
				50AE695814E8606C00788808 /* en */,
			);
			name = InfoPlist.strings;
			sourceTree = "<group>";
		};
		50AE696F14E8606C00788808 /* InfoPlist.strings */ = {
			isa = PBXVariantGroup;
			children = (
				50AE697014E8606C00788808 /* en */,
			);
			name = InfoPlist.strings;
			sourceTree = "<group>";
		};
/* End PBXVariantGroup section */

/* Begin XCBuildConfiguration section */
		5016BA93151E0BF900AAA198 /* AdHoc */ = {
			isa = XCBuildConfiguration;
			buildSettings = {
				ALWAYS_SEARCH_USER_PATHS = NO;
				ARCHS = "$(ARCHS_STANDARD_32_BIT)";
				CLANG_ENABLE_OBJC_ARC = YES;
				CODE_SIGN_IDENTITY = "iPhone Developer";
				"CODE_SIGN_IDENTITY[sdk=iphoneos*]" = "iPhone Developer";
				COPY_PHASE_STRIP = NO;
				GCC_C_LANGUAGE_STANDARD = gnu99;
				GCC_DYNAMIC_NO_PIC = NO;
				GCC_OPTIMIZATION_LEVEL = 0;
				GCC_PREPROCESSOR_DEFINITIONS = (
					"DEBUG=1",
					"$(inherited)",
				);
				GCC_SYMBOLS_PRIVATE_EXTERN = NO;
				GCC_VERSION = com.apple.compilers.llvm.clang.1_0;
				GCC_WARN_ABOUT_MISSING_PROTOTYPES = YES;
				GCC_WARN_ABOUT_RETURN_TYPE = YES;
				GCC_WARN_UNUSED_VARIABLE = YES;
				IPHONEOS_DEPLOYMENT_TARGET = 5.0;
				PROVISIONING_PROFILE = "";
				"PROVISIONING_PROFILE[sdk=iphoneos*]" = "";
				SDKROOT = iphoneos;
				STRIP_INSTALLED_PRODUCT = NO;
			};
			name = AdHoc;
		};
		5016BA94151E0BF900AAA198 /* AdHoc */ = {
			isa = XCBuildConfiguration;
			buildSettings = {
				CODE_SIGN_IDENTITY = "iPhone Developer: Max Winde (MR4S8XBL42)";
				"CODE_SIGN_IDENTITY[sdk=iphoneos*]" = "iPhone Developer: Max Winde (MR4S8XBL42)";
				GCC_PRECOMPILE_PREFIX_HEADER = YES;
				GCC_PREFIX_HEADER = "TabulaTabs/TabulaTabs-Prefix.pch";
				GCC_PREPROCESSOR_DEFINITIONS = (
					"$(inherited)",
					"CONFIGURATION_AdHoc=1",
				);
				HEADER_SEARCH_PATHS = ./sskeychain/;
				INFOPLIST_FILE = "TabulaTabs/TabulaTabs-Info.plist";
				IPHONEOS_DEPLOYMENT_TARGET = 5.0;
				LIBRARY_SEARCH_PATHS = (
					"$(inherited)",
					"\"$(SDKROOT)/usr/lib/system\"",
					"\"$(SRCROOT)/ZBarSDK\"",
					"\"$(SRCROOT)/TestFlightSDK\"",
				);
				OTHER_LDFLAGS = "-lTestFlight";
				PRODUCT_NAME = "$(TARGET_NAME) α";
				PROVISIONING_PROFILE = "2FAD9C61-398B-4C71-AB33-57ABABA2F7D0";
				"PROVISIONING_PROFILE[sdk=iphoneos*]" = "2FAD9C61-398B-4C71-AB33-57ABABA2F7D0";
				TT_BUNDLE_IDENTIFIER = de.343max.TabulaTabs.AdHoc;
				TT_URL_SCHEME = "tabulatabs-adhoc";
				WRAPPER_EXTENSION = app;
			};
			name = AdHoc;
		};
		5016BA95151E0BF900AAA198 /* AdHoc */ = {
			isa = XCBuildConfiguration;
			buildSettings = {
				BUNDLE_LOADER = "$(BUILT_PRODUCTS_DIR)/TabulaTabs.app/TabulaTabs";
				FRAMEWORK_SEARCH_PATHS = (
					"$(SDKROOT)/Developer/Library/Frameworks",
					"$(DEVELOPER_LIBRARY_DIR)/Frameworks",
				);
				GCC_PRECOMPILE_PREFIX_HEADER = YES;
				GCC_PREFIX_HEADER = "TabulaTabs/TabulaTabs-Prefix.pch";
				INFOPLIST_FILE = "TabulaTabsTests/TabulaTabsTests-Info.plist";
				LIBRARY_SEARCH_PATHS = (
					"$(inherited)",
					"\"$(SDKROOT)/usr/lib/system\"",
				);
				PRODUCT_NAME = "$(TARGET_NAME)";
				TEST_HOST = "$(BUNDLE_LOADER)";
				WRAPPER_EXTENSION = octest;
			};
			name = AdHoc;
		};
		50AE697514E8606C00788808 /* Debug */ = {
			isa = XCBuildConfiguration;
			buildSettings = {
				ALWAYS_SEARCH_USER_PATHS = NO;
				ARCHS = "$(ARCHS_STANDARD_32_BIT)";
				CLANG_ENABLE_OBJC_ARC = YES;
				CODE_SIGN_IDENTITY = "iPhone Developer";
				"CODE_SIGN_IDENTITY[sdk=iphoneos*]" = "iPhone Developer";
				COPY_PHASE_STRIP = NO;
				GCC_C_LANGUAGE_STANDARD = gnu99;
				GCC_DYNAMIC_NO_PIC = NO;
				GCC_OPTIMIZATION_LEVEL = 0;
				GCC_PREPROCESSOR_DEFINITIONS = (
					"DEBUG=1",
					"$(inherited)",
				);
				GCC_SYMBOLS_PRIVATE_EXTERN = NO;
				GCC_VERSION = com.apple.compilers.llvm.clang.1_0;
				GCC_WARN_ABOUT_MISSING_PROTOTYPES = YES;
				GCC_WARN_ABOUT_RETURN_TYPE = YES;
				GCC_WARN_UNUSED_VARIABLE = YES;
				IPHONEOS_DEPLOYMENT_TARGET = 5.0;
				PROVISIONING_PROFILE = "";
				SDKROOT = iphoneos;
				STRIP_INSTALLED_PRODUCT = NO;
			};
			name = Debug;
		};
		50AE697614E8606C00788808 /* Release */ = {
			isa = XCBuildConfiguration;
			buildSettings = {
				ALWAYS_SEARCH_USER_PATHS = NO;
				ARCHS = "$(ARCHS_STANDARD_32_BIT)";
				CLANG_ENABLE_OBJC_ARC = YES;
				CODE_SIGN_IDENTITY = "iPhone Developer";
				"CODE_SIGN_IDENTITY[sdk=iphoneos*]" = "iPhone Developer";
				COPY_PHASE_STRIP = YES;
				GCC_C_LANGUAGE_STANDARD = gnu99;
				GCC_VERSION = com.apple.compilers.llvm.clang.1_0;
				GCC_WARN_ABOUT_MISSING_PROTOTYPES = YES;
				GCC_WARN_ABOUT_RETURN_TYPE = YES;
				GCC_WARN_UNUSED_VARIABLE = YES;
				IPHONEOS_DEPLOYMENT_TARGET = 5.0;
				OTHER_CFLAGS = "-DNS_BLOCK_ASSERTIONS=1";
				PROVISIONING_PROFILE = "";
				"PROVISIONING_PROFILE[sdk=iphoneos*]" = "";
				SDKROOT = iphoneos;
				STRIP_INSTALLED_PRODUCT = NO;
				VALIDATE_PRODUCT = YES;
			};
			name = Release;
		};
		50AE697814E8606C00788808 /* Debug */ = {
			isa = XCBuildConfiguration;
			buildSettings = {
				GCC_PRECOMPILE_PREFIX_HEADER = YES;
				GCC_PREFIX_HEADER = "TabulaTabs/TabulaTabs-Prefix.pch";
				GCC_PREPROCESSOR_DEFINITIONS = (
					"$(inherited)",
					"CONFIGURATION_Debug=1",
				);
				HEADER_SEARCH_PATHS = ./sskeychain/;
				INFOPLIST_FILE = "TabulaTabs/TabulaTabs-Info.plist";
				IPHONEOS_DEPLOYMENT_TARGET = 5.0;
				LIBRARY_SEARCH_PATHS = (
					"$(inherited)",
					"\"$(SDKROOT)/usr/lib/system\"",
					"\"$(SRCROOT)/ZBarSDK\"",
					"\"$(SRCROOT)/TestFlightSDK\"",
				);
				PRODUCT_NAME = "$(TARGET_NAME) δ";
				TT_BUNDLE_IDENTIFIER = de.343max.TabulaTabs.Debug;
				TT_URL_SCHEME = "tabulatabs-debug";
				WRAPPER_EXTENSION = app;
			};
			name = Debug;
		};
		50AE697914E8606C00788808 /* Release */ = {
			isa = XCBuildConfiguration;
			buildSettings = {
				GCC_PRECOMPILE_PREFIX_HEADER = YES;
				GCC_PREFIX_HEADER = "TabulaTabs/TabulaTabs-Prefix.pch";
				GCC_PREPROCESSOR_DEFINITIONS = "CONFIGURATION_Release=1";
				HEADER_SEARCH_PATHS = ./sskeychain/;
				INFOPLIST_FILE = "TabulaTabs/TabulaTabs-Info.plist";
				IPHONEOS_DEPLOYMENT_TARGET = 5.0;
				LIBRARY_SEARCH_PATHS = (
					"$(inherited)",
					"\"$(SDKROOT)/usr/lib/system\"",
					"\"$(SRCROOT)/ZBarSDK\"",
					"\"$(SRCROOT)/TestFlightSDK\"",
				);
				PRODUCT_NAME = "$(TARGET_NAME)";
				TT_BUNDLE_IDENTIFIER = de.343max.TabulaTabs;
				TT_URL_SCHEME = tabulatabs;
				WRAPPER_EXTENSION = app;
			};
			name = Release;
		};
		50AE697B14E8606C00788808 /* Debug */ = {
			isa = XCBuildConfiguration;
			buildSettings = {
				BUNDLE_LOADER = "$(BUILT_PRODUCTS_DIR)/TabulaTabs.app/TabulaTabs";
				FRAMEWORK_SEARCH_PATHS = (
					"$(SDKROOT)/Developer/Library/Frameworks",
					"$(DEVELOPER_LIBRARY_DIR)/Frameworks",
				);
				GCC_PRECOMPILE_PREFIX_HEADER = YES;
				GCC_PREFIX_HEADER = "TabulaTabs/TabulaTabs-Prefix.pch";
				INFOPLIST_FILE = "TabulaTabsTests/TabulaTabsTests-Info.plist";
				LIBRARY_SEARCH_PATHS = (
					"$(inherited)",
					"\"$(SDKROOT)/usr/lib/system\"",
				);
				PRODUCT_NAME = "$(TARGET_NAME)";
				TEST_HOST = "$(BUNDLE_LOADER)";
				WRAPPER_EXTENSION = octest;
			};
			name = Debug;
		};
		50AE697C14E8606C00788808 /* Release */ = {
			isa = XCBuildConfiguration;
			buildSettings = {
				BUNDLE_LOADER = "$(BUILT_PRODUCTS_DIR)/TabulaTabs.app/TabulaTabs";
				FRAMEWORK_SEARCH_PATHS = (
					"$(SDKROOT)/Developer/Library/Frameworks",
					"$(DEVELOPER_LIBRARY_DIR)/Frameworks",
				);
				GCC_PRECOMPILE_PREFIX_HEADER = YES;
				GCC_PREFIX_HEADER = "TabulaTabs/TabulaTabs-Prefix.pch";
				INFOPLIST_FILE = "TabulaTabsTests/TabulaTabsTests-Info.plist";
				LIBRARY_SEARCH_PATHS = (
					"$(inherited)",
					"\"$(SDKROOT)/usr/lib/system\"",
				);
				PRODUCT_NAME = "$(TARGET_NAME)";
				TEST_HOST = "$(BUNDLE_LOADER)";
				WRAPPER_EXTENSION = octest;
			};
			name = Release;
		};
/* End XCBuildConfiguration section */

/* Begin XCConfigurationList section */
		50AE694414E8606C00788808 /* Build configuration list for PBXProject "TabulaTabs" */ = {
			isa = XCConfigurationList;
			buildConfigurations = (
				50AE697514E8606C00788808 /* Debug */,
				5016BA93151E0BF900AAA198 /* AdHoc */,
				50AE697614E8606C00788808 /* Release */,
			);
			defaultConfigurationIsVisible = 0;
			defaultConfigurationName = Release;
		};
		50AE697714E8606C00788808 /* Build configuration list for PBXNativeTarget "TabulaTabs" */ = {
			isa = XCConfigurationList;
			buildConfigurations = (
				50AE697814E8606C00788808 /* Debug */,
				5016BA94151E0BF900AAA198 /* AdHoc */,
				50AE697914E8606C00788808 /* Release */,
			);
			defaultConfigurationIsVisible = 0;
			defaultConfigurationName = Release;
		};
		50AE697A14E8606C00788808 /* Build configuration list for PBXNativeTarget "TabulaTabsTests" */ = {
			isa = XCConfigurationList;
			buildConfigurations = (
				50AE697B14E8606C00788808 /* Debug */,
				5016BA95151E0BF900AAA198 /* AdHoc */,
				50AE697C14E8606C00788808 /* Release */,
			);
			defaultConfigurationIsVisible = 0;
			defaultConfigurationName = Release;
		};
/* End XCConfigurationList section */
	};
	rootObject = 50AE694114E8606C00788808 /* Project object */;
}
