// !$*UTF8*$!
{
	archiveVersion = 1;
	classes = {
	};
	objectVersion = 46;
	objects = {

/* Begin PBXBuildFile section */
		503893DF150BF10800CF22B6 /* TTBrowserRepresentation.m in Sources */ = {isa = PBXBuildFile; fileRef = 503893DE150BF10800CF22B6 /* TTBrowserRepresentation.m */; };
		504167DA150AB323007A3431 /* SSKeychain.m in Sources */ = {isa = PBXBuildFile; fileRef = 504167D8150AB2B9007A3431 /* SSKeychain.m */; };
		5069084E14EAB50200D39759 /* TTTab.m in Sources */ = {isa = PBXBuildFile; fileRef = 5069084D14EAB50200D39759 /* TTTab.m */; };
		5069085214EAEAA300D39759 /* TTClient.m in Sources */ = {isa = PBXBuildFile; fileRef = 5069085114EAEAA300D39759 /* TTClient.m */; };
		5069085514EAEB6D00D39759 /* TTRestfulEncryptedClient.m in Sources */ = {isa = PBXBuildFile; fileRef = 5069085414EAEB6D00D39759 /* TTRestfulEncryptedClient.m */; };
		507C1F0414E8671F003085ED /* Security.framework in Frameworks */ = {isa = PBXBuildFile; fileRef = 507C1F0314E8671F003085ED /* Security.framework */; };
		50AB683F14FA98680040D328 /* Blue.png in Resources */ = {isa = PBXBuildFile; fileRef = 50AB683414FA98680040D328 /* Blue.png */; };
		50AB684014FA98680040D328 /* Blue@2x.png in Resources */ = {isa = PBXBuildFile; fileRef = 50AB683514FA98680040D328 /* Blue@2x.png */; };
		50AB684114FA98680040D328 /* MKInfoPanel.m in Sources */ = {isa = PBXBuildFile; fileRef = 50AB683714FA98680040D328 /* MKInfoPanel.m */; };
		50AB684214FA98680040D328 /* MKInfoPanel.xib in Resources */ = {isa = PBXBuildFile; fileRef = 50AB683814FA98680040D328 /* MKInfoPanel.xib */; };
		50AB684314FA98680040D328 /* Red.png in Resources */ = {isa = PBXBuildFile; fileRef = 50AB683914FA98680040D328 /* Red.png */; };
		50AB684414FA98680040D328 /* Red@2x.png in Resources */ = {isa = PBXBuildFile; fileRef = 50AB683A14FA98680040D328 /* Red@2x.png */; };
		50AB684514FA98680040D328 /* Tick.png in Resources */ = {isa = PBXBuildFile; fileRef = 50AB683B14FA98680040D328 /* Tick.png */; };
		50AB684614FA98680040D328 /* Tick@2x.png in Resources */ = {isa = PBXBuildFile; fileRef = 50AB683C14FA98680040D328 /* Tick@2x.png */; };
		50AB684714FA98680040D328 /* Warning.png in Resources */ = {isa = PBXBuildFile; fileRef = 50AB683D14FA98680040D328 /* Warning.png */; };
		50AB684814FA98680040D328 /* Warning@2x.png in Resources */ = {isa = PBXBuildFile; fileRef = 50AB683E14FA98680040D328 /* Warning@2x.png */; };
		50AB685814FAAE100040D328 /* arrow.png in Resources */ = {isa = PBXBuildFile; fileRef = 50AB685614FAAE100040D328 /* arrow.png */; };
		50AB685914FAAE100040D328 /* README.markdown in Resources */ = {isa = PBXBuildFile; fileRef = 50AB685714FAAE100040D328 /* README.markdown */; };
		50AB685A14FAAE740040D328 /* PullRefreshTableViewController.m in Sources */ = {isa = PBXBuildFile; fileRef = 50AB685414FAADFE0040D328 /* PullRefreshTableViewController.m */; };
		50AB685B14FAAE7D0040D328 /* arrow.png in Resources */ = {isa = PBXBuildFile; fileRef = 50AB685614FAAE100040D328 /* arrow.png */; };
		50AE694F14E8606C00788808 /* UIKit.framework in Frameworks */ = {isa = PBXBuildFile; fileRef = 50AE694E14E8606C00788808 /* UIKit.framework */; };
		50AE695114E8606C00788808 /* Foundation.framework in Frameworks */ = {isa = PBXBuildFile; fileRef = 50AE695014E8606C00788808 /* Foundation.framework */; };
		50AE695314E8606C00788808 /* CoreGraphics.framework in Frameworks */ = {isa = PBXBuildFile; fileRef = 50AE695214E8606C00788808 /* CoreGraphics.framework */; };
		50AE695914E8606C00788808 /* InfoPlist.strings in Resources */ = {isa = PBXBuildFile; fileRef = 50AE695714E8606C00788808 /* InfoPlist.strings */; };
		50AE695B14E8606C00788808 /* main.m in Sources */ = {isa = PBXBuildFile; fileRef = 50AE695A14E8606C00788808 /* main.m */; };
		50AE695F14E8606C00788808 /* TTAppDelegate.m in Sources */ = {isa = PBXBuildFile; fileRef = 50AE695E14E8606C00788808 /* TTAppDelegate.m */; };
		50AE696714E8606C00788808 /* SenTestingKit.framework in Frameworks */ = {isa = PBXBuildFile; fileRef = 50AE696614E8606C00788808 /* SenTestingKit.framework */; };
		50AE696814E8606C00788808 /* UIKit.framework in Frameworks */ = {isa = PBXBuildFile; fileRef = 50AE694E14E8606C00788808 /* UIKit.framework */; };
		50AE696914E8606C00788808 /* Foundation.framework in Frameworks */ = {isa = PBXBuildFile; fileRef = 50AE695014E8606C00788808 /* Foundation.framework */; };
		50AE697114E8606C00788808 /* InfoPlist.strings in Resources */ = {isa = PBXBuildFile; fileRef = 50AE696F14E8606C00788808 /* InfoPlist.strings */; };
		50AE697414E8606C00788808 /* TabulaTabsTests.m in Sources */ = {isa = PBXBuildFile; fileRef = 50AE697314E8606C00788808 /* TabulaTabsTests.m */; };
		50AE699114E860C700788808 /* TTBrowser.m in Sources */ = {isa = PBXBuildFile; fileRef = 50AE698C14E860C700788808 /* TTBrowser.m */; };
		50AE699214E860C700788808 /* TTEncryption.m in Sources */ = {isa = PBXBuildFile; fileRef = 50AE698E14E860C700788808 /* TTEncryption.m */; };
		50AE699314E860C700788808 /* TTRestfulClient.m in Sources */ = {isa = PBXBuildFile; fileRef = 50AE699014E860C700788808 /* TTRestfulClient.m */; };
		50AE699B14E860DD00788808 /* NSData-AES.m in Sources */ = {isa = PBXBuildFile; fileRef = 50AE699614E860DD00788808 /* NSData-AES.m */; };
		50AE699C14E860DD00788808 /* NSData-hex.m in Sources */ = {isa = PBXBuildFile; fileRef = 50AE699814E860DD00788808 /* NSData-hex.m */; };
		50AE699D14E860DD00788808 /* NSData+Base64.m in Sources */ = {isa = PBXBuildFile; fileRef = 50AE699A14E860DD00788808 /* NSData+Base64.m */; };
		50F363A014E925ED00AB104C /* AsyncTests.m in Sources */ = {isa = PBXBuildFile; fileRef = 50F3639F14E925ED00AB104C /* AsyncTests.m */; };
		50F363AC14E9496600AB104C /* MWURLConnection.m in Sources */ = {isa = PBXBuildFile; fileRef = 50F363AB14E9496600AB104C /* MWURLConnection.m */; };
		50FE0A9114EB154100823CE6 /* libzbar.a in Frameworks */ = {isa = PBXBuildFile; fileRef = 50FE0A8B14EB154100823CE6 /* libzbar.a */; };
		50FE0A9214EB154100823CE6 /* zbar-back.png in Resources */ = {isa = PBXBuildFile; fileRef = 50FE0A8D14EB154100823CE6 /* zbar-back.png */; };
		50FE0A9314EB154100823CE6 /* zbar-help.html in Resources */ = {isa = PBXBuildFile; fileRef = 50FE0A8E14EB154100823CE6 /* zbar-help.html */; };
		50FE0A9414EB154100823CE6 /* zbar-helpicons.png in Resources */ = {isa = PBXBuildFile; fileRef = 50FE0A8F14EB154100823CE6 /* zbar-helpicons.png */; };
		50FE0A9514EB154100823CE6 /* zbar-samples.png in Resources */ = {isa = PBXBuildFile; fileRef = 50FE0A9014EB154100823CE6 /* zbar-samples.png */; };
		50FE0A9F14EB27DF00823CE6 /* TTTabListViewController.m in Sources */ = {isa = PBXBuildFile; fileRef = 50FE0A9E14EB27DF00823CE6 /* TTTabListViewController.m */; };
		50FE0AA214EB289400823CE6 /* TTWelcomeViewController.m in Sources */ = {isa = PBXBuildFile; fileRef = 50FE0AA114EB289400823CE6 /* TTWelcomeViewController.m */; };
		50FE0AA514EB2A9B00823CE6 /* registrationGuide.html in Resources */ = {isa = PBXBuildFile; fileRef = 50FE0AA414EB2A9B00823CE6 /* registrationGuide.html */; };
		50FE0ABE14EB2F5E00823CE6 /* TTScanQRViewController.m in Sources */ = {isa = PBXBuildFile; fileRef = 50FE0ABD14EB2F5E00823CE6 /* TTScanQRViewController.m */; };
		50FE0AC014EB315000823CE6 /* AVFoundation.framework in Frameworks */ = {isa = PBXBuildFile; fileRef = 50FE0ABF14EB315000823CE6 /* AVFoundation.framework */; };
		50FE0AC214EB315600823CE6 /* CoreMedia.framework in Frameworks */ = {isa = PBXBuildFile; fileRef = 50FE0AC114EB315600823CE6 /* CoreMedia.framework */; };
		50FE0AC414EB315F00823CE6 /* CoreVideo.framework in Frameworks */ = {isa = PBXBuildFile; fileRef = 50FE0AC314EB315F00823CE6 /* CoreVideo.framework */; };
		50FE0AC614EB316400823CE6 /* QuartzCore.framework in Frameworks */ = {isa = PBXBuildFile; fileRef = 50FE0AC514EB316400823CE6 /* QuartzCore.framework */; };
		50FE0AC814EB316E00823CE6 /* libiconv.dylib in Frameworks */ = {isa = PBXBuildFile; fileRef = 50FE0AC714EB316E00823CE6 /* libiconv.dylib */; };
		50FE0AC914EB321600823CE6 /* CoreGraphics.framework in Frameworks */ = {isa = PBXBuildFile; fileRef = 50AE695214E8606C00788808 /* CoreGraphics.framework */; };
		50FE0ACA14EB327300823CE6 /* AVFoundation.framework in Frameworks */ = {isa = PBXBuildFile; fileRef = 50FE0ABF14EB315000823CE6 /* AVFoundation.framework */; };
		50FE0ACB14EB327900823CE6 /* CoreMedia.framework in Frameworks */ = {isa = PBXBuildFile; fileRef = 50FE0AC114EB315600823CE6 /* CoreMedia.framework */; };
		50FE0ACC14EB328200823CE6 /* CoreVideo.framework in Frameworks */ = {isa = PBXBuildFile; fileRef = 50FE0AC314EB315F00823CE6 /* CoreVideo.framework */; };
		50FE0ACD14EB328C00823CE6 /* QuartzCore.framework in Frameworks */ = {isa = PBXBuildFile; fileRef = 50FE0AC514EB316400823CE6 /* QuartzCore.framework */; };
		50FE0ACE14EB329200823CE6 /* libiconv.dylib in Frameworks */ = {isa = PBXBuildFile; fileRef = 50FE0AC714EB316E00823CE6 /* libiconv.dylib */; };
/* End PBXBuildFile section */

/* Begin PBXContainerItemProxy section */
		50AE696A14E8606C00788808 /* PBXContainerItemProxy */ = {
			isa = PBXContainerItemProxy;
			containerPortal = 50AE694114E8606C00788808 /* Project object */;
			proxyType = 1;
			remoteGlobalIDString = 50AE694914E8606C00788808;
			remoteInfo = TabulaTabs;
		};
/* End PBXContainerItemProxy section */

/* Begin PBXFileReference section */
		503893DD150BF10800CF22B6 /* TTBrowserRepresentation.h */ = {isa = PBXFileReference; fileEncoding = 4; lastKnownFileType = sourcecode.c.h; path = TTBrowserRepresentation.h; sourceTree = "<group>"; };
		503893DE150BF10800CF22B6 /* TTBrowserRepresentation.m */ = {isa = PBXFileReference; fileEncoding = 4; lastKnownFileType = sourcecode.c.objc; path = TTBrowserRepresentation.m; sourceTree = "<group>"; };
		504167D7150AB2B9007A3431 /* SSKeychain.h */ = {isa = PBXFileReference; fileEncoding = 4; lastKnownFileType = sourcecode.c.h; path = SSKeychain.h; sourceTree = "<group>"; };
		504167D8150AB2B9007A3431 /* SSKeychain.m */ = {isa = PBXFileReference; fileEncoding = 4; lastKnownFileType = sourcecode.c.objc; path = SSKeychain.m; sourceTree = "<group>"; };
		5069084C14EAB50200D39759 /* TTTab.h */ = {isa = PBXFileReference; fileEncoding = 4; lastKnownFileType = sourcecode.c.h; path = TTTab.h; sourceTree = "<group>"; };
		5069084D14EAB50200D39759 /* TTTab.m */ = {isa = PBXFileReference; fileEncoding = 4; lastKnownFileType = sourcecode.c.objc; path = TTTab.m; sourceTree = "<group>"; };
		5069085014EAEAA300D39759 /* TTClient.h */ = {isa = PBXFileReference; fileEncoding = 4; lastKnownFileType = sourcecode.c.h; path = TTClient.h; sourceTree = "<group>"; };
		5069085114EAEAA300D39759 /* TTClient.m */ = {isa = PBXFileReference; fileEncoding = 4; lastKnownFileType = sourcecode.c.objc; path = TTClient.m; sourceTree = "<group>"; };
		5069085314EAEB6D00D39759 /* TTRestfulEncryptedClient.h */ = {isa = PBXFileReference; fileEncoding = 4; lastKnownFileType = sourcecode.c.h; path = TTRestfulEncryptedClient.h; sourceTree = "<group>"; };
		5069085414EAEB6D00D39759 /* TTRestfulEncryptedClient.m */ = {isa = PBXFileReference; fileEncoding = 4; lastKnownFileType = sourcecode.c.objc; path = TTRestfulEncryptedClient.m; sourceTree = "<group>"; };
		507C1F0314E8671F003085ED /* Security.framework */ = {isa = PBXFileReference; lastKnownFileType = wrapper.framework; name = Security.framework; path = System/Library/Frameworks/Security.framework; sourceTree = SDKROOT; };
		50AB683414FA98680040D328 /* Blue.png */ = {isa = PBXFileReference; lastKnownFileType = image.png; path = Blue.png; sourceTree = "<group>"; };
		50AB683514FA98680040D328 /* Blue@2x.png */ = {isa = PBXFileReference; lastKnownFileType = image.png; path = "Blue@2x.png"; sourceTree = "<group>"; };
		50AB683614FA98680040D328 /* MKInfoPanel.h */ = {isa = PBXFileReference; fileEncoding = 4; lastKnownFileType = sourcecode.c.h; path = MKInfoPanel.h; sourceTree = "<group>"; };
		50AB683714FA98680040D328 /* MKInfoPanel.m */ = {isa = PBXFileReference; fileEncoding = 4; lastKnownFileType = sourcecode.c.objc; path = MKInfoPanel.m; sourceTree = "<group>"; };
		50AB683814FA98680040D328 /* MKInfoPanel.xib */ = {isa = PBXFileReference; fileEncoding = 4; lastKnownFileType = file.xib; path = MKInfoPanel.xib; sourceTree = "<group>"; };
		50AB683914FA98680040D328 /* Red.png */ = {isa = PBXFileReference; lastKnownFileType = image.png; path = Red.png; sourceTree = "<group>"; };
		50AB683A14FA98680040D328 /* Red@2x.png */ = {isa = PBXFileReference; lastKnownFileType = image.png; path = "Red@2x.png"; sourceTree = "<group>"; };
		50AB683B14FA98680040D328 /* Tick.png */ = {isa = PBXFileReference; lastKnownFileType = image.png; path = Tick.png; sourceTree = "<group>"; };
		50AB683C14FA98680040D328 /* Tick@2x.png */ = {isa = PBXFileReference; lastKnownFileType = image.png; path = "Tick@2x.png"; sourceTree = "<group>"; };
		50AB683D14FA98680040D328 /* Warning.png */ = {isa = PBXFileReference; lastKnownFileType = image.png; path = Warning.png; sourceTree = "<group>"; };
		50AB683E14FA98680040D328 /* Warning@2x.png */ = {isa = PBXFileReference; lastKnownFileType = image.png; path = "Warning@2x.png"; sourceTree = "<group>"; };
		50AB685314FAADFE0040D328 /* PullRefreshTableViewController.h */ = {isa = PBXFileReference; fileEncoding = 4; lastKnownFileType = sourcecode.c.h; path = PullRefreshTableViewController.h; sourceTree = "<group>"; };
		50AB685414FAADFE0040D328 /* PullRefreshTableViewController.m */ = {isa = PBXFileReference; fileEncoding = 4; lastKnownFileType = sourcecode.c.objc; path = PullRefreshTableViewController.m; sourceTree = "<group>"; };
		50AB685614FAAE100040D328 /* arrow.png */ = {isa = PBXFileReference; lastKnownFileType = image.png; path = arrow.png; sourceTree = "<group>"; };
		50AB685714FAAE100040D328 /* README.markdown */ = {isa = PBXFileReference; fileEncoding = 4; lastKnownFileType = text; path = README.markdown; sourceTree = "<group>"; };
		50AE694A14E8606C00788808 /* TabulaTabs.app */ = {isa = PBXFileReference; explicitFileType = wrapper.application; includeInIndex = 0; path = TabulaTabs.app; sourceTree = BUILT_PRODUCTS_DIR; };
		50AE694E14E8606C00788808 /* UIKit.framework */ = {isa = PBXFileReference; lastKnownFileType = wrapper.framework; name = UIKit.framework; path = System/Library/Frameworks/UIKit.framework; sourceTree = SDKROOT; };
		50AE695014E8606C00788808 /* Foundation.framework */ = {isa = PBXFileReference; lastKnownFileType = wrapper.framework; name = Foundation.framework; path = System/Library/Frameworks/Foundation.framework; sourceTree = SDKROOT; };
		50AE695214E8606C00788808 /* CoreGraphics.framework */ = {isa = PBXFileReference; lastKnownFileType = wrapper.framework; name = CoreGraphics.framework; path = System/Library/Frameworks/CoreGraphics.framework; sourceTree = SDKROOT; };
		50AE695614E8606C00788808 /* TabulaTabs-Info.plist */ = {isa = PBXFileReference; lastKnownFileType = text.plist.xml; path = "TabulaTabs-Info.plist"; sourceTree = "<group>"; };
		50AE695814E8606C00788808 /* en */ = {isa = PBXFileReference; lastKnownFileType = text.plist.strings; name = en; path = en.lproj/InfoPlist.strings; sourceTree = "<group>"; };
		50AE695A14E8606C00788808 /* main.m */ = {isa = PBXFileReference; lastKnownFileType = sourcecode.c.objc; path = main.m; sourceTree = "<group>"; };
		50AE695C14E8606C00788808 /* TabulaTabs-Prefix.pch */ = {isa = PBXFileReference; lastKnownFileType = sourcecode.c.h; path = "TabulaTabs-Prefix.pch"; sourceTree = "<group>"; };
		50AE695D14E8606C00788808 /* TTAppDelegate.h */ = {isa = PBXFileReference; lastKnownFileType = sourcecode.c.h; path = TTAppDelegate.h; sourceTree = "<group>"; };
		50AE695E14E8606C00788808 /* TTAppDelegate.m */ = {isa = PBXFileReference; lastKnownFileType = sourcecode.c.objc; path = TTAppDelegate.m; sourceTree = "<group>"; };
		50AE696514E8606C00788808 /* TabulaTabsTests.octest */ = {isa = PBXFileReference; explicitFileType = wrapper.cfbundle; includeInIndex = 0; path = TabulaTabsTests.octest; sourceTree = BUILT_PRODUCTS_DIR; };
		50AE696614E8606C00788808 /* SenTestingKit.framework */ = {isa = PBXFileReference; lastKnownFileType = wrapper.framework; name = SenTestingKit.framework; path = Library/Frameworks/SenTestingKit.framework; sourceTree = DEVELOPER_DIR; };
		50AE696E14E8606C00788808 /* TabulaTabsTests-Info.plist */ = {isa = PBXFileReference; lastKnownFileType = text.plist.xml; path = "TabulaTabsTests-Info.plist"; sourceTree = "<group>"; };
		50AE697014E8606C00788808 /* en */ = {isa = PBXFileReference; lastKnownFileType = text.plist.strings; name = en; path = en.lproj/InfoPlist.strings; sourceTree = "<group>"; };
		50AE697214E8606C00788808 /* TabulaTabsTests.h */ = {isa = PBXFileReference; lastKnownFileType = sourcecode.c.h; path = TabulaTabsTests.h; sourceTree = "<group>"; };
		50AE697314E8606C00788808 /* TabulaTabsTests.m */ = {isa = PBXFileReference; lastKnownFileType = sourcecode.c.objc; path = TabulaTabsTests.m; sourceTree = "<group>"; };
		50AE698B14E860C700788808 /* TTBrowser.h */ = {isa = PBXFileReference; fileEncoding = 4; lastKnownFileType = sourcecode.c.h; path = TTBrowser.h; sourceTree = "<group>"; };
		50AE698C14E860C700788808 /* TTBrowser.m */ = {isa = PBXFileReference; fileEncoding = 4; lastKnownFileType = sourcecode.c.objc; path = TTBrowser.m; sourceTree = "<group>"; };
		50AE698D14E860C700788808 /* TTEncryption.h */ = {isa = PBXFileReference; fileEncoding = 4; lastKnownFileType = sourcecode.c.h; path = TTEncryption.h; sourceTree = "<group>"; };
		50AE698E14E860C700788808 /* TTEncryption.m */ = {isa = PBXFileReference; fileEncoding = 4; lastKnownFileType = sourcecode.c.objc; path = TTEncryption.m; sourceTree = "<group>"; };
		50AE698F14E860C700788808 /* TTRestfulClient.h */ = {isa = PBXFileReference; fileEncoding = 4; lastKnownFileType = sourcecode.c.h; path = TTRestfulClient.h; sourceTree = "<group>"; };
		50AE699014E860C700788808 /* TTRestfulClient.m */ = {isa = PBXFileReference; fileEncoding = 4; lastKnownFileType = sourcecode.c.objc; path = TTRestfulClient.m; sourceTree = "<group>"; };
		50AE699514E860DD00788808 /* NSData-AES.h */ = {isa = PBXFileReference; fileEncoding = 4; lastKnownFileType = sourcecode.c.h; path = "NSData-AES.h"; sourceTree = "<group>"; };
		50AE699614E860DD00788808 /* NSData-AES.m */ = {isa = PBXFileReference; fileEncoding = 4; lastKnownFileType = sourcecode.c.objc; path = "NSData-AES.m"; sourceTree = "<group>"; };
		50AE699714E860DD00788808 /* NSData-hex.h */ = {isa = PBXFileReference; fileEncoding = 4; lastKnownFileType = sourcecode.c.h; path = "NSData-hex.h"; sourceTree = "<group>"; };
		50AE699814E860DD00788808 /* NSData-hex.m */ = {isa = PBXFileReference; fileEncoding = 4; lastKnownFileType = sourcecode.c.objc; path = "NSData-hex.m"; sourceTree = "<group>"; };
		50AE699914E860DD00788808 /* NSData+Base64.h */ = {isa = PBXFileReference; fileEncoding = 4; lastKnownFileType = sourcecode.c.h; path = "NSData+Base64.h"; sourceTree = "<group>"; };
		50AE699A14E860DD00788808 /* NSData+Base64.m */ = {isa = PBXFileReference; fileEncoding = 4; lastKnownFileType = sourcecode.c.objc; path = "NSData+Base64.m"; sourceTree = "<group>"; };
		50F3639E14E925ED00AB104C /* AsyncTests.h */ = {isa = PBXFileReference; fileEncoding = 4; lastKnownFileType = sourcecode.c.h; path = AsyncTests.h; sourceTree = "<group>"; };
		50F3639F14E925ED00AB104C /* AsyncTests.m */ = {isa = PBXFileReference; fileEncoding = 4; lastKnownFileType = sourcecode.c.objc; path = AsyncTests.m; sourceTree = "<group>"; };
		50F363AA14E9496600AB104C /* MWURLConnection.h */ = {isa = PBXFileReference; fileEncoding = 4; lastKnownFileType = sourcecode.c.h; path = MWURLConnection.h; sourceTree = "<group>"; };
		50F363AB14E9496600AB104C /* MWURLConnection.m */ = {isa = PBXFileReference; fileEncoding = 4; lastKnownFileType = sourcecode.c.objc; path = MWURLConnection.m; sourceTree = "<group>"; };
		50FE0A7714EB154100823CE6 /* Decoder.h */ = {isa = PBXFileReference; fileEncoding = 4; lastKnownFileType = sourcecode.c.h; path = Decoder.h; sourceTree = "<group>"; };
		50FE0A7814EB154100823CE6 /* Exception.h */ = {isa = PBXFileReference; fileEncoding = 4; lastKnownFileType = sourcecode.c.h; path = Exception.h; sourceTree = "<group>"; };
		50FE0A7914EB154100823CE6 /* Image.h */ = {isa = PBXFileReference; fileEncoding = 4; lastKnownFileType = sourcecode.c.h; path = Image.h; sourceTree = "<group>"; };
		50FE0A7A14EB154100823CE6 /* ImageScanner.h */ = {isa = PBXFileReference; fileEncoding = 4; lastKnownFileType = sourcecode.c.h; path = ImageScanner.h; sourceTree = "<group>"; };
		50FE0A7B14EB154100823CE6 /* Processor.h */ = {isa = PBXFileReference; fileEncoding = 4; lastKnownFileType = sourcecode.c.h; path = Processor.h; sourceTree = "<group>"; };
		50FE0A7C14EB154100823CE6 /* Scanner.h */ = {isa = PBXFileReference; fileEncoding = 4; lastKnownFileType = sourcecode.c.h; path = Scanner.h; sourceTree = "<group>"; };
		50FE0A7D14EB154100823CE6 /* Symbol.h */ = {isa = PBXFileReference; fileEncoding = 4; lastKnownFileType = sourcecode.c.h; path = Symbol.h; sourceTree = "<group>"; };
		50FE0A7E14EB154100823CE6 /* Video.h */ = {isa = PBXFileReference; fileEncoding = 4; lastKnownFileType = sourcecode.c.h; path = Video.h; sourceTree = "<group>"; };
		50FE0A7F14EB154100823CE6 /* Window.h */ = {isa = PBXFileReference; fileEncoding = 4; lastKnownFileType = sourcecode.c.h; path = Window.h; sourceTree = "<group>"; };
		50FE0A8014EB154100823CE6 /* zbar.h */ = {isa = PBXFileReference; fileEncoding = 4; lastKnownFileType = sourcecode.c.h; path = zbar.h; sourceTree = "<group>"; };
		50FE0A8114EB154100823CE6 /* ZBarCameraSimulator.h */ = {isa = PBXFileReference; fileEncoding = 4; lastKnownFileType = sourcecode.c.h; path = ZBarCameraSimulator.h; sourceTree = "<group>"; };
		50FE0A8214EB154100823CE6 /* ZBarCaptureReader.h */ = {isa = PBXFileReference; fileEncoding = 4; lastKnownFileType = sourcecode.c.h; path = ZBarCaptureReader.h; sourceTree = "<group>"; };
		50FE0A8314EB154100823CE6 /* ZBarHelpController.h */ = {isa = PBXFileReference; fileEncoding = 4; lastKnownFileType = sourcecode.c.h; path = ZBarHelpController.h; sourceTree = "<group>"; };
		50FE0A8414EB154100823CE6 /* ZBarImage.h */ = {isa = PBXFileReference; fileEncoding = 4; lastKnownFileType = sourcecode.c.h; path = ZBarImage.h; sourceTree = "<group>"; };
		50FE0A8514EB154100823CE6 /* ZBarImageScanner.h */ = {isa = PBXFileReference; fileEncoding = 4; lastKnownFileType = sourcecode.c.h; path = ZBarImageScanner.h; sourceTree = "<group>"; };
		50FE0A8614EB154100823CE6 /* ZBarReaderController.h */ = {isa = PBXFileReference; fileEncoding = 4; lastKnownFileType = sourcecode.c.h; path = ZBarReaderController.h; sourceTree = "<group>"; };
		50FE0A8714EB154100823CE6 /* ZBarReaderView.h */ = {isa = PBXFileReference; fileEncoding = 4; lastKnownFileType = sourcecode.c.h; path = ZBarReaderView.h; sourceTree = "<group>"; };
		50FE0A8814EB154100823CE6 /* ZBarReaderViewController.h */ = {isa = PBXFileReference; fileEncoding = 4; lastKnownFileType = sourcecode.c.h; path = ZBarReaderViewController.h; sourceTree = "<group>"; };
		50FE0A8914EB154100823CE6 /* ZBarSDK.h */ = {isa = PBXFileReference; fileEncoding = 4; lastKnownFileType = sourcecode.c.h; path = ZBarSDK.h; sourceTree = "<group>"; };
		50FE0A8A14EB154100823CE6 /* ZBarSymbol.h */ = {isa = PBXFileReference; fileEncoding = 4; lastKnownFileType = sourcecode.c.h; path = ZBarSymbol.h; sourceTree = "<group>"; };
		50FE0A8B14EB154100823CE6 /* libzbar.a */ = {isa = PBXFileReference; lastKnownFileType = archive.ar; path = libzbar.a; sourceTree = "<group>"; };
		50FE0A8D14EB154100823CE6 /* zbar-back.png */ = {isa = PBXFileReference; lastKnownFileType = image.png; path = "zbar-back.png"; sourceTree = "<group>"; };
		50FE0A8E14EB154100823CE6 /* zbar-help.html */ = {isa = PBXFileReference; fileEncoding = 4; lastKnownFileType = text.html; path = "zbar-help.html"; sourceTree = "<group>"; };
		50FE0A8F14EB154100823CE6 /* zbar-helpicons.png */ = {isa = PBXFileReference; lastKnownFileType = image.png; path = "zbar-helpicons.png"; sourceTree = "<group>"; };
		50FE0A9014EB154100823CE6 /* zbar-samples.png */ = {isa = PBXFileReference; lastKnownFileType = image.png; path = "zbar-samples.png"; sourceTree = "<group>"; };
		50FE0A9D14EB27DF00823CE6 /* TTTabListViewController.h */ = {isa = PBXFileReference; fileEncoding = 4; lastKnownFileType = sourcecode.c.h; path = TTTabListViewController.h; sourceTree = "<group>"; };
		50FE0A9E14EB27DF00823CE6 /* TTTabListViewController.m */ = {isa = PBXFileReference; fileEncoding = 4; lastKnownFileType = sourcecode.c.objc; path = TTTabListViewController.m; sourceTree = "<group>"; };
		50FE0AA014EB289400823CE6 /* TTWelcomeViewController.h */ = {isa = PBXFileReference; fileEncoding = 4; lastKnownFileType = sourcecode.c.h; path = TTWelcomeViewController.h; sourceTree = "<group>"; };
		50FE0AA114EB289400823CE6 /* TTWelcomeViewController.m */ = {isa = PBXFileReference; fileEncoding = 4; lastKnownFileType = sourcecode.c.objc; path = TTWelcomeViewController.m; sourceTree = "<group>"; };
		50FE0AA414EB2A9B00823CE6 /* registrationGuide.html */ = {isa = PBXFileReference; fileEncoding = 4; lastKnownFileType = text.html; path = registrationGuide.html; sourceTree = "<group>"; };
		50FE0ABC14EB2F5E00823CE6 /* TTScanQRViewController.h */ = {isa = PBXFileReference; fileEncoding = 4; lastKnownFileType = sourcecode.c.h; path = TTScanQRViewController.h; sourceTree = "<group>"; };
		50FE0ABD14EB2F5E00823CE6 /* TTScanQRViewController.m */ = {isa = PBXFileReference; fileEncoding = 4; lastKnownFileType = sourcecode.c.objc; path = TTScanQRViewController.m; sourceTree = "<group>"; };
		50FE0ABF14EB315000823CE6 /* AVFoundation.framework */ = {isa = PBXFileReference; lastKnownFileType = wrapper.framework; name = AVFoundation.framework; path = System/Library/Frameworks/AVFoundation.framework; sourceTree = SDKROOT; };
		50FE0AC114EB315600823CE6 /* CoreMedia.framework */ = {isa = PBXFileReference; lastKnownFileType = wrapper.framework; name = CoreMedia.framework; path = System/Library/Frameworks/CoreMedia.framework; sourceTree = SDKROOT; };
		50FE0AC314EB315F00823CE6 /* CoreVideo.framework */ = {isa = PBXFileReference; lastKnownFileType = wrapper.framework; name = CoreVideo.framework; path = System/Library/Frameworks/CoreVideo.framework; sourceTree = SDKROOT; };
		50FE0AC514EB316400823CE6 /* QuartzCore.framework */ = {isa = PBXFileReference; lastKnownFileType = wrapper.framework; name = QuartzCore.framework; path = System/Library/Frameworks/QuartzCore.framework; sourceTree = SDKROOT; };
		50FE0AC714EB316E00823CE6 /* libiconv.dylib */ = {isa = PBXFileReference; lastKnownFileType = "compiled.mach-o.dylib"; name = libiconv.dylib; path = usr/lib/libiconv.dylib; sourceTree = SDKROOT; };
/* End PBXFileReference section */

/* Begin PBXFrameworksBuildPhase section */
		50AE694714E8606C00788808 /* Frameworks */ = {
			isa = PBXFrameworksBuildPhase;
			buildActionMask = 2147483647;
			files = (
				50FE0ACE14EB329200823CE6 /* libiconv.dylib in Frameworks */,
				50FE0ACD14EB328C00823CE6 /* QuartzCore.framework in Frameworks */,
				50FE0ACC14EB328200823CE6 /* CoreVideo.framework in Frameworks */,
				50FE0ACB14EB327900823CE6 /* CoreMedia.framework in Frameworks */,
				50FE0ACA14EB327300823CE6 /* AVFoundation.framework in Frameworks */,
				507C1F0414E8671F003085ED /* Security.framework in Frameworks */,
				50AE694F14E8606C00788808 /* UIKit.framework in Frameworks */,
				50AE695114E8606C00788808 /* Foundation.framework in Frameworks */,
				50AE695314E8606C00788808 /* CoreGraphics.framework in Frameworks */,
				50FE0A9114EB154100823CE6 /* libzbar.a in Frameworks */,
			);
			runOnlyForDeploymentPostprocessing = 0;
		};
		50AE696114E8606C00788808 /* Frameworks */ = {
			isa = PBXFrameworksBuildPhase;
			buildActionMask = 2147483647;
			files = (
				50AE696714E8606C00788808 /* SenTestingKit.framework in Frameworks */,
				50AE696814E8606C00788808 /* UIKit.framework in Frameworks */,
				50AE696914E8606C00788808 /* Foundation.framework in Frameworks */,
				50FE0AC914EB321600823CE6 /* CoreGraphics.framework in Frameworks */,
				50FE0AC014EB315000823CE6 /* AVFoundation.framework in Frameworks */,
				50FE0AC214EB315600823CE6 /* CoreMedia.framework in Frameworks */,
				50FE0AC414EB315F00823CE6 /* CoreVideo.framework in Frameworks */,
				50FE0AC614EB316400823CE6 /* QuartzCore.framework in Frameworks */,
				50FE0AC814EB316E00823CE6 /* libiconv.dylib in Frameworks */,
			);
			runOnlyForDeploymentPostprocessing = 0;
		};
/* End PBXFrameworksBuildPhase section */

/* Begin PBXGroup section */
		504167D6150AB2A0007A3431 /* SSKeychain */ = {
			isa = PBXGroup;
			children = (
				504167D7150AB2B9007A3431 /* SSKeychain.h */,
				504167D8150AB2B9007A3431 /* SSKeychain.m */,
			);
			name = SSKeychain;
			path = sskeychain;
			sourceTree = "<group>";
		};
		50AB683314FA98680040D328 /* MKInfoBundle */ = {
			isa = PBXGroup;
			children = (
				50AB683414FA98680040D328 /* Blue.png */,
				50AB683514FA98680040D328 /* Blue@2x.png */,
				50AB683614FA98680040D328 /* MKInfoPanel.h */,
				50AB683714FA98680040D328 /* MKInfoPanel.m */,
				50AB683814FA98680040D328 /* MKInfoPanel.xib */,
				50AB683914FA98680040D328 /* Red.png */,
				50AB683A14FA98680040D328 /* Red@2x.png */,
				50AB683B14FA98680040D328 /* Tick.png */,
				50AB683C14FA98680040D328 /* Tick@2x.png */,
				50AB683D14FA98680040D328 /* Warning.png */,
				50AB683E14FA98680040D328 /* Warning@2x.png */,
			);
			path = MKInfoBundle;
			sourceTree = "<group>";
		};
		50AB685214FAADEE0040D328 /* PullToRefresh */ = {
			isa = PBXGroup;
			children = (
				50AB685314FAADFE0040D328 /* PullRefreshTableViewController.h */,
				50AB685414FAADFE0040D328 /* PullRefreshTableViewController.m */,
				50AB685614FAAE100040D328 /* arrow.png */,
				50AB685714FAAE100040D328 /* README.markdown */,
			);
			name = PullToRefresh;
			sourceTree = "<group>";
		};
		50AE693F14E8606C00788808 = {
			isa = PBXGroup;
			children = (
				50FE0AA314EB2A4800823CE6 /* Ressources */,
				50F363A914E9402000AB104C /* Classes */,
				50AE699414E860D000788808 /* External */,
				50AE698914E860B400788808 /* API */,
				50AE695414E8606C00788808 /* TabulaTabs */,
				50FE0A9614EB276000823CE6 /* ViewController */,
				50AE695514E8606C00788808 /* Supporting Files */,
				50AE696C14E8606C00788808 /* TabulaTabsTests */,
				50AE696D14E8606C00788808 /* Supporting Files */,
				50AE694D14E8606C00788808 /* Frameworks */,
				50AE694B14E8606C00788808 /* Products */,
			);
			sourceTree = "<group>";
		};
		50AE694B14E8606C00788808 /* Products */ = {
			isa = PBXGroup;
			children = (
				50AE694A14E8606C00788808 /* TabulaTabs.app */,
				50AE696514E8606C00788808 /* TabulaTabsTests.octest */,
			);
			name = Products;
			sourceTree = "<group>";
		};
		50AE694D14E8606C00788808 /* Frameworks */ = {
			isa = PBXGroup;
			children = (
				50FE0AC714EB316E00823CE6 /* libiconv.dylib */,
				50FE0AC514EB316400823CE6 /* QuartzCore.framework */,
				50FE0AC314EB315F00823CE6 /* CoreVideo.framework */,
				50FE0AC114EB315600823CE6 /* CoreMedia.framework */,
				50FE0ABF14EB315000823CE6 /* AVFoundation.framework */,
				507C1F0314E8671F003085ED /* Security.framework */,
				50AE694E14E8606C00788808 /* UIKit.framework */,
				50AE695014E8606C00788808 /* Foundation.framework */,
				50AE695214E8606C00788808 /* CoreGraphics.framework */,
				50AE696614E8606C00788808 /* SenTestingKit.framework */,
			);
			name = Frameworks;
			sourceTree = "<group>";
		};
		50AE695414E8606C00788808 /* TabulaTabs */ = {
			isa = PBXGroup;
			children = (
				50AE695D14E8606C00788808 /* TTAppDelegate.h */,
				50AE695E14E8606C00788808 /* TTAppDelegate.m */,
				503893DD150BF10800CF22B6 /* TTBrowserRepresentation.h */,
				503893DE150BF10800CF22B6 /* TTBrowserRepresentation.m */,
			);
			path = TabulaTabs;
			sourceTree = "<group>";
		};
		50AE695514E8606C00788808 /* Supporting Files */ = {
			isa = PBXGroup;
			children = (
				50AE695614E8606C00788808 /* TabulaTabs-Info.plist */,
				50AE695714E8606C00788808 /* InfoPlist.strings */,
				50AE695A14E8606C00788808 /* main.m */,
				50AE695C14E8606C00788808 /* TabulaTabs-Prefix.pch */,
			);
			name = "Supporting Files";
			path = TabulaTabs;
			sourceTree = "<group>";
		};
		50AE696C14E8606C00788808 /* TabulaTabsTests */ = {
			isa = PBXGroup;
			children = (
				50F3639D14E925C900AB104C /* AsyncTests */,
				50AE697214E8606C00788808 /* TabulaTabsTests.h */,
				50AE697314E8606C00788808 /* TabulaTabsTests.m */,
			);
			path = TabulaTabsTests;
			sourceTree = "<group>";
		};
		50AE696D14E8606C00788808 /* Supporting Files */ = {
			isa = PBXGroup;
			children = (
				50AE696E14E8606C00788808 /* TabulaTabsTests-Info.plist */,
				50AE696F14E8606C00788808 /* InfoPlist.strings */,
			);
			name = "Supporting Files";
			path = TabulaTabsTests;
			sourceTree = "<group>";
		};
		50AE698914E860B400788808 /* API */ = {
			isa = PBXGroup;
			children = (
				50AE698B14E860C700788808 /* TTBrowser.h */,
				50AE698C14E860C700788808 /* TTBrowser.m */,
				5069085014EAEAA300D39759 /* TTClient.h */,
				5069085114EAEAA300D39759 /* TTClient.m */,
				5069084C14EAB50200D39759 /* TTTab.h */,
				5069084D14EAB50200D39759 /* TTTab.m */,
				50AE698D14E860C700788808 /* TTEncryption.h */,
				50AE698E14E860C700788808 /* TTEncryption.m */,
				50AE698F14E860C700788808 /* TTRestfulClient.h */,
				50AE699014E860C700788808 /* TTRestfulClient.m */,
				5069085314EAEB6D00D39759 /* TTRestfulEncryptedClient.h */,
				5069085414EAEB6D00D39759 /* TTRestfulEncryptedClient.m */,
			);
			name = API;
			sourceTree = "<group>";
		};
		50AE699414E860D000788808 /* External */ = {
			isa = PBXGroup;
			children = (
				504167D6150AB2A0007A3431 /* SSKeychain */,
				50AB685214FAADEE0040D328 /* PullToRefresh */,
				50AB683314FA98680040D328 /* MKInfoBundle */,
				50FE0A7314EB154100823CE6 /* ZBarSDK */,
				50AE699514E860DD00788808 /* NSData-AES.h */,
				50AE699614E860DD00788808 /* NSData-AES.m */,
				50AE699714E860DD00788808 /* NSData-hex.h */,
				50AE699814E860DD00788808 /* NSData-hex.m */,
				50AE699914E860DD00788808 /* NSData+Base64.h */,
				50AE699A14E860DD00788808 /* NSData+Base64.m */,
			);
			name = External;
			sourceTree = "<group>";
		};
		50F3639D14E925C900AB104C /* AsyncTests */ = {
			isa = PBXGroup;
			children = (
				50F3639E14E925ED00AB104C /* AsyncTests.h */,
				50F3639F14E925ED00AB104C /* AsyncTests.m */,
			);
			name = AsyncTests;
			path = ..;
			sourceTree = "<group>";
		};
		50F363A914E9402000AB104C /* Classes */ = {
			isa = PBXGroup;
			children = (
				50F363AA14E9496600AB104C /* MWURLConnection.h */,
				50F363AB14E9496600AB104C /* MWURLConnection.m */,
			);
			name = Classes;
			sourceTree = "<group>";
		};
		50FE0A7314EB154100823CE6 /* ZBarSDK */ = {
			isa = PBXGroup;
			children = (
				50FE0A7414EB154100823CE6 /* Headers */,
				50FE0A8B14EB154100823CE6 /* libzbar.a */,
				50FE0A8C14EB154100823CE6 /* Resources */,
			);
			path = ZBarSDK;
			sourceTree = "<group>";
		};
		50FE0A7414EB154100823CE6 /* Headers */ = {
			isa = PBXGroup;
			children = (
				50FE0A7514EB154100823CE6 /* ZBarSDK */,
			);
			path = Headers;
			sourceTree = "<group>";
		};
		50FE0A7514EB154100823CE6 /* ZBarSDK */ = {
			isa = PBXGroup;
			children = (
				50FE0A7614EB154100823CE6 /* zbar */,
				50FE0A8014EB154100823CE6 /* zbar.h */,
				50FE0A8114EB154100823CE6 /* ZBarCameraSimulator.h */,
				50FE0A8214EB154100823CE6 /* ZBarCaptureReader.h */,
				50FE0A8314EB154100823CE6 /* ZBarHelpController.h */,
				50FE0A8414EB154100823CE6 /* ZBarImage.h */,
				50FE0A8514EB154100823CE6 /* ZBarImageScanner.h */,
				50FE0A8614EB154100823CE6 /* ZBarReaderController.h */,
				50FE0A8714EB154100823CE6 /* ZBarReaderView.h */,
				50FE0A8814EB154100823CE6 /* ZBarReaderViewController.h */,
				50FE0A8914EB154100823CE6 /* ZBarSDK.h */,
				50FE0A8A14EB154100823CE6 /* ZBarSymbol.h */,
			);
			path = ZBarSDK;
			sourceTree = "<group>";
		};
		50FE0A7614EB154100823CE6 /* zbar */ = {
			isa = PBXGroup;
			children = (
				50FE0A7714EB154100823CE6 /* Decoder.h */,
				50FE0A7814EB154100823CE6 /* Exception.h */,
				50FE0A7914EB154100823CE6 /* Image.h */,
				50FE0A7A14EB154100823CE6 /* ImageScanner.h */,
				50FE0A7B14EB154100823CE6 /* Processor.h */,
				50FE0A7C14EB154100823CE6 /* Scanner.h */,
				50FE0A7D14EB154100823CE6 /* Symbol.h */,
				50FE0A7E14EB154100823CE6 /* Video.h */,
				50FE0A7F14EB154100823CE6 /* Window.h */,
			);
			path = zbar;
			sourceTree = "<group>";
		};
		50FE0A8C14EB154100823CE6 /* Resources */ = {
			isa = PBXGroup;
			children = (
				50FE0A8D14EB154100823CE6 /* zbar-back.png */,
				50FE0A8E14EB154100823CE6 /* zbar-help.html */,
				50FE0A8F14EB154100823CE6 /* zbar-helpicons.png */,
				50FE0A9014EB154100823CE6 /* zbar-samples.png */,
			);
			path = Resources;
			sourceTree = "<group>";
		};
		50FE0A9614EB276000823CE6 /* ViewController */ = {
			isa = PBXGroup;
			children = (
				50FE0A9D14EB27DF00823CE6 /* TTTabListViewController.h */,
				50FE0A9E14EB27DF00823CE6 /* TTTabListViewController.m */,
				50FE0AA014EB289400823CE6 /* TTWelcomeViewController.h */,
				50FE0AA114EB289400823CE6 /* TTWelcomeViewController.m */,
				50FE0ABC14EB2F5E00823CE6 /* TTScanQRViewController.h */,
				50FE0ABD14EB2F5E00823CE6 /* TTScanQRViewController.m */,
			);
			name = ViewController;
			sourceTree = "<group>";
		};
		50FE0AA314EB2A4800823CE6 /* Ressources */ = {
			isa = PBXGroup;
			children = (
				50FE0AA414EB2A9B00823CE6 /* registrationGuide.html */,
			);
			path = Ressources;
			sourceTree = "<group>";
		};
/* End PBXGroup section */

/* Begin PBXNativeTarget section */
		50AE694914E8606C00788808 /* TabulaTabs */ = {
			isa = PBXNativeTarget;
			buildConfigurationList = 50AE697714E8606C00788808 /* Build configuration list for PBXNativeTarget "TabulaTabs" */;
			buildPhases = (
				50AE694614E8606C00788808 /* Sources */,
				50AE694714E8606C00788808 /* Frameworks */,
				50AE694814E8606C00788808 /* Resources */,
			);
			buildRules = (
			);
			dependencies = (
			);
			name = TabulaTabs;
			productName = TabulaTabs;
			productReference = 50AE694A14E8606C00788808 /* TabulaTabs.app */;
			productType = "com.apple.product-type.application";
		};
		50AE696414E8606C00788808 /* TabulaTabsTests */ = {
			isa = PBXNativeTarget;
			buildConfigurationList = 50AE697A14E8606C00788808 /* Build configuration list for PBXNativeTarget "TabulaTabsTests" */;
			buildPhases = (
				50AE696014E8606C00788808 /* Sources */,
				50AE696114E8606C00788808 /* Frameworks */,
				50AE696214E8606C00788808 /* Resources */,
				50AE696314E8606C00788808 /* ShellScript */,
			);
			buildRules = (
			);
			dependencies = (
				50AE696B14E8606C00788808 /* PBXTargetDependency */,
			);
			name = TabulaTabsTests;
			productName = TabulaTabsTests;
			productReference = 50AE696514E8606C00788808 /* TabulaTabsTests.octest */;
			productType = "com.apple.product-type.bundle";
		};
/* End PBXNativeTarget section */

/* Begin PBXProject section */
		50AE694114E8606C00788808 /* Project object */ = {
			isa = PBXProject;
			attributes = {
				LastUpgradeCheck = 0430;
			};
			buildConfigurationList = 50AE694414E8606C00788808 /* Build configuration list for PBXProject "TabulaTabs" */;
			compatibilityVersion = "Xcode 3.2";
			developmentRegion = English;
			hasScannedForEncodings = 0;
			knownRegions = (
				en,
			);
			mainGroup = 50AE693F14E8606C00788808;
			productRefGroup = 50AE694B14E8606C00788808 /* Products */;
			projectDirPath = "";
			projectRoot = "";
			targets = (
				50AE694914E8606C00788808 /* TabulaTabs */,
				50AE696414E8606C00788808 /* TabulaTabsTests */,
			);
		};
/* End PBXProject section */

/* Begin PBXResourcesBuildPhase section */
		50AE694814E8606C00788808 /* Resources */ = {
			isa = PBXResourcesBuildPhase;
			buildActionMask = 2147483647;
			files = (
				50AB685B14FAAE7D0040D328 /* arrow.png in Resources */,
				50AE695914E8606C00788808 /* InfoPlist.strings in Resources */,
				50FE0A9214EB154100823CE6 /* zbar-back.png in Resources */,
				50FE0A9314EB154100823CE6 /* zbar-help.html in Resources */,
				50FE0A9414EB154100823CE6 /* zbar-helpicons.png in Resources */,
				50FE0A9514EB154100823CE6 /* zbar-samples.png in Resources */,
				50FE0AA514EB2A9B00823CE6 /* registrationGuide.html in Resources */,
				50AB683F14FA98680040D328 /* Blue.png in Resources */,
				50AB684014FA98680040D328 /* Blue@2x.png in Resources */,
				50AB684214FA98680040D328 /* MKInfoPanel.xib in Resources */,
				50AB684314FA98680040D328 /* Red.png in Resources */,
				50AB684414FA98680040D328 /* Red@2x.png in Resources */,
				50AB684514FA98680040D328 /* Tick.png in Resources */,
				50AB684614FA98680040D328 /* Tick@2x.png in Resources */,
				50AB684714FA98680040D328 /* Warning.png in Resources */,
				50AB684814FA98680040D328 /* Warning@2x.png in Resources */,
			);
			runOnlyForDeploymentPostprocessing = 0;
		};
		50AE696214E8606C00788808 /* Resources */ = {
			isa = PBXResourcesBuildPhase;
			buildActionMask = 2147483647;
			files = (
				50AE697114E8606C00788808 /* InfoPlist.strings in Resources */,
				50AB685814FAAE100040D328 /* arrow.png in Resources */,
				50AB685914FAAE100040D328 /* README.markdown in Resources */,
			);
			runOnlyForDeploymentPostprocessing = 0;
		};
/* End PBXResourcesBuildPhase section */

/* Begin PBXShellScriptBuildPhase section */
		50AE696314E8606C00788808 /* ShellScript */ = {
			isa = PBXShellScriptBuildPhase;
			buildActionMask = 2147483647;
			files = (
			);
			inputPaths = (
			);
			outputPaths = (
			);
			runOnlyForDeploymentPostprocessing = 0;
			shellPath = /bin/sh;
			shellScript = "# Run the unit tests in this test bundle.\n\"${SYSTEM_DEVELOPER_DIR}/Tools/RunUnitTests\"\n";
		};
/* End PBXShellScriptBuildPhase section */

/* Begin PBXSourcesBuildPhase section */
		50AE694614E8606C00788808 /* Sources */ = {
			isa = PBXSourcesBuildPhase;
			buildActionMask = 2147483647;
			files = (
				504167DA150AB323007A3431 /* SSKeychain.m in Sources */,
				50AB685A14FAAE740040D328 /* PullRefreshTableViewController.m in Sources */,
				50AE695B14E8606C00788808 /* main.m in Sources */,
				50AE695F14E8606C00788808 /* TTAppDelegate.m in Sources */,
				50AE699114E860C700788808 /* TTBrowser.m in Sources */,
				50AE699214E860C700788808 /* TTEncryption.m in Sources */,
				50AE699314E860C700788808 /* TTRestfulClient.m in Sources */,
				50AE699B14E860DD00788808 /* NSData-AES.m in Sources */,
				50AE699C14E860DD00788808 /* NSData-hex.m in Sources */,
				50AE699D14E860DD00788808 /* NSData+Base64.m in Sources */,
				50F363A014E925ED00AB104C /* AsyncTests.m in Sources */,
				50F363AC14E9496600AB104C /* MWURLConnection.m in Sources */,
				5069084E14EAB50200D39759 /* TTTab.m in Sources */,
				5069085214EAEAA300D39759 /* TTClient.m in Sources */,
				5069085514EAEB6D00D39759 /* TTRestfulEncryptedClient.m in Sources */,
				50FE0A9F14EB27DF00823CE6 /* TTTabListViewController.m in Sources */,
				50FE0AA214EB289400823CE6 /* TTWelcomeViewController.m in Sources */,
				50FE0ABE14EB2F5E00823CE6 /* TTScanQRViewController.m in Sources */,
				50AB684114FA98680040D328 /* MKInfoPanel.m in Sources */,
				503893DF150BF10800CF22B6 /* TTBrowserRepresentation.m in Sources */,
			);
			runOnlyForDeploymentPostprocessing = 0;
		};
		50AE696014E8606C00788808 /* Sources */ = {
			isa = PBXSourcesBuildPhase;
			buildActionMask = 2147483647;
			files = (
				50AE697414E8606C00788808 /* TabulaTabsTests.m in Sources */,
			);
			runOnlyForDeploymentPostprocessing = 0;
		};
/* End PBXSourcesBuildPhase section */

/* Begin PBXTargetDependency section */
		50AE696B14E8606C00788808 /* PBXTargetDependency */ = {
			isa = PBXTargetDependency;
			target = 50AE694914E8606C00788808 /* TabulaTabs */;
			targetProxy = 50AE696A14E8606C00788808 /* PBXContainerItemProxy */;
		};
/* End PBXTargetDependency section */

/* Begin PBXVariantGroup section */
		50AE695714E8606C00788808 /* InfoPlist.strings */ = {
			isa = PBXVariantGroup;
			children = (
				50AE695814E8606C00788808 /* en */,
			);
			name = InfoPlist.strings;
			sourceTree = "<group>";
		};
		50AE696F14E8606C00788808 /* InfoPlist.strings */ = {
			isa = PBXVariantGroup;
			children = (
				50AE697014E8606C00788808 /* en */,
			);
			name = InfoPlist.strings;
			sourceTree = "<group>";
		};
/* End PBXVariantGroup section */

/* Begin XCBuildConfiguration section */
		50AE697514E8606C00788808 /* Debug */ = {
			isa = XCBuildConfiguration;
			buildSettings = {
				ALWAYS_SEARCH_USER_PATHS = NO;
				ARCHS = "$(ARCHS_STANDARD_32_BIT)";
				CLANG_ENABLE_OBJC_ARC = YES;
				"CODE_SIGN_IDENTITY[sdk=iphoneos*]" = "iPhone Developer";
				COPY_PHASE_STRIP = NO;
				GCC_C_LANGUAGE_STANDARD = gnu99;
				GCC_DYNAMIC_NO_PIC = NO;
				GCC_OPTIMIZATION_LEVEL = 0;
				GCC_PREPROCESSOR_DEFINITIONS = (
					"DEBUG=1",
					"$(inherited)",
				);
				GCC_SYMBOLS_PRIVATE_EXTERN = NO;
				GCC_VERSION = com.apple.compilers.llvm.clang.1_0;
				GCC_WARN_ABOUT_MISSING_PROTOTYPES = YES;
				GCC_WARN_ABOUT_RETURN_TYPE = YES;
				GCC_WARN_UNUSED_VARIABLE = YES;
				IPHONEOS_DEPLOYMENT_TARGET = 5.0;
				SDKROOT = iphoneos;
			};
			name = Debug;
		};
		50AE697614E8606C00788808 /* Release */ = {
			isa = XCBuildConfiguration;
			buildSettings = {
				ALWAYS_SEARCH_USER_PATHS = NO;
				ARCHS = "$(ARCHS_STANDARD_32_BIT)";
				CLANG_ENABLE_OBJC_ARC = YES;
				"CODE_SIGN_IDENTITY[sdk=iphoneos*]" = "iPhone Developer";
				COPY_PHASE_STRIP = YES;
				GCC_C_LANGUAGE_STANDARD = gnu99;
				GCC_VERSION = com.apple.compilers.llvm.clang.1_0;
				GCC_WARN_ABOUT_MISSING_PROTOTYPES = YES;
				GCC_WARN_ABOUT_RETURN_TYPE = YES;
				GCC_WARN_UNUSED_VARIABLE = YES;
				IPHONEOS_DEPLOYMENT_TARGET = 5.0;
				OTHER_CFLAGS = "-DNS_BLOCK_ASSERTIONS=1";
				SDKROOT = iphoneos;
				VALIDATE_PRODUCT = YES;
			};
			name = Release;
		};
		50AE697814E8606C00788808 /* Debug */ = {
			isa = XCBuildConfiguration;
			buildSettings = {
				GCC_PRECOMPILE_PREFIX_HEADER = YES;
				GCC_PREFIX_HEADER = "TabulaTabs/TabulaTabs-Prefix.pch";
				HEADER_SEARCH_PATHS = ./sskeychain/;
				INFOPLIST_FILE = "TabulaTabs/TabulaTabs-Info.plist";
				IPHONEOS_DEPLOYMENT_TARGET = 5.0;
				LIBRARY_SEARCH_PATHS = (
					"$(inherited)",
					"\"$(SDKROOT)/usr/lib/system\"",
					"\"$(SRCROOT)/ZBarSDK\"",
				);
				PRODUCT_NAME = "$(TARGET_NAME)";
				WRAPPER_EXTENSION = app;
			};
			name = Debug;
		};
		50AE697914E8606C00788808 /* Release */ = {
			isa = XCBuildConfiguration;
			buildSettings = {
				GCC_PRECOMPILE_PREFIX_HEADER = YES;
				GCC_PREFIX_HEADER = "TabulaTabs/TabulaTabs-Prefix.pch";
				HEADER_SEARCH_PATHS = ./sskeychain/;
				INFOPLIST_FILE = "TabulaTabs/TabulaTabs-Info.plist";
				IPHONEOS_DEPLOYMENT_TARGET = 5.0;
				LIBRARY_SEARCH_PATHS = (
					"$(inherited)",
					"\"$(SDKROOT)/usr/lib/system\"",
					"\"$(SRCROOT)/ZBarSDK\"",
				);
				PRODUCT_NAME = "$(TARGET_NAME)";
				WRAPPER_EXTENSION = app;
			};
			name = Release;
		};
		50AE697B14E8606C00788808 /* Debug */ = {
			isa = XCBuildConfiguration;
			buildSettings = {
				BUNDLE_LOADER = "$(BUILT_PRODUCTS_DIR)/TabulaTabs.app/TabulaTabs";
				FRAMEWORK_SEARCH_PATHS = (
					"$(SDKROOT)/Developer/Library/Frameworks",
					"$(DEVELOPER_LIBRARY_DIR)/Frameworks",
				);
				GCC_PRECOMPILE_PREFIX_HEADER = YES;
				GCC_PREFIX_HEADER = "TabulaTabs/TabulaTabs-Prefix.pch";
				INFOPLIST_FILE = "TabulaTabsTests/TabulaTabsTests-Info.plist";
				LIBRARY_SEARCH_PATHS = (
					"$(inherited)",
					"\"$(SDKROOT)/usr/lib/system\"",
				);
				PRODUCT_NAME = "$(TARGET_NAME)";
				TEST_HOST = "$(BUNDLE_LOADER)";
				WRAPPER_EXTENSION = octest;
			};
			name = Debug;
		};
		50AE697C14E8606C00788808 /* Release */ = {
			isa = XCBuildConfiguration;
			buildSettings = {
				BUNDLE_LOADER = "$(BUILT_PRODUCTS_DIR)/TabulaTabs.app/TabulaTabs";
				FRAMEWORK_SEARCH_PATHS = (
					"$(SDKROOT)/Developer/Library/Frameworks",
					"$(DEVELOPER_LIBRARY_DIR)/Frameworks",
				);
				GCC_PRECOMPILE_PREFIX_HEADER = YES;
				GCC_PREFIX_HEADER = "TabulaTabs/TabulaTabs-Prefix.pch";
				INFOPLIST_FILE = "TabulaTabsTests/TabulaTabsTests-Info.plist";
				LIBRARY_SEARCH_PATHS = (
					"$(inherited)",
					"\"$(SDKROOT)/usr/lib/system\"",
				);
				PRODUCT_NAME = "$(TARGET_NAME)";
				TEST_HOST = "$(BUNDLE_LOADER)";
				WRAPPER_EXTENSION = octest;
			};
			name = Release;
		};
/* End XCBuildConfiguration section */

/* Begin XCConfigurationList section */
		50AE694414E8606C00788808 /* Build configuration list for PBXProject "TabulaTabs" */ = {
			isa = XCConfigurationList;
			buildConfigurations = (
				50AE697514E8606C00788808 /* Debug */,
				50AE697614E8606C00788808 /* Release */,
			);
			defaultConfigurationIsVisible = 0;
			defaultConfigurationName = Release;
		};
		50AE697714E8606C00788808 /* Build configuration list for PBXNativeTarget "TabulaTabs" */ = {
			isa = XCConfigurationList;
			buildConfigurations = (
				50AE697814E8606C00788808 /* Debug */,
				50AE697914E8606C00788808 /* Release */,
			);
			defaultConfigurationIsVisible = 0;
			defaultConfigurationName = Release;
		};
		50AE697A14E8606C00788808 /* Build configuration list for PBXNativeTarget "TabulaTabsTests" */ = {
			isa = XCConfigurationList;
			buildConfigurations = (
				50AE697B14E8606C00788808 /* Debug */,
				50AE697C14E8606C00788808 /* Release */,
			);
			defaultConfigurationIsVisible = 0;
			defaultConfigurationName = Release;
		};
/* End XCConfigurationList section */
	};
	rootObject = 50AE694114E8606C00788808 /* Project object */;
}
